// !$*UTF8*$!
{
	archiveVersion = 1;
	classes = {
	};
	objectVersion = 56;
	objects = {

/* Begin PBXBuildFile section */
		3C2BEFA32F997DAC0058C8BE /* Sparkle in Frameworks */ = {isa = PBXBuildFile; productRef = 3C2BEFA22F997DAC0058C8BE /* Sparkle */; };
		D20000000000000000000003 /* FluidAudio in Frameworks */ = {isa = PBXBuildFile; productRef = D20000000000000000000002 /* FluidAudio */; };
		D20000000000000000000031 /* NemotronDiarizer in Resources */ = {isa = PBXBuildFile; fileRef = D20000000000000000000030 /* NemotronDiarizer */; };
		D20000000000000000000051 /* Acknowledgements in Resources */ = {isa = PBXBuildFile; fileRef = D20000000000000000000050 /* Acknowledgements */; };
		D20000000000000000000052 /* Acknowledgements in Resources */ = {isa = PBXBuildFile; fileRef = D20000000000000000000050 /* Acknowledgements */; };
		D20000000000000000000061 /* AcknowledgementsView.swift in Sources */ = {isa = PBXBuildFile; fileRef = D20000000000000000000060 /* AcknowledgementsView.swift */; };
		D20000000000000000000062 /* AcknowledgementsView.swift in Sources */ = {isa = PBXBuildFile; fileRef = D20000000000000000000060 /* AcknowledgementsView.swift */; };
		D20000000000000000000032 /* NemotronDiarizer in Resources */ = {isa = PBXBuildFile; fileRef = D20000000000000000000030 /* NemotronDiarizer */; };
		D20000000000000000000004 /* FluidAudio in Frameworks */ = {isa = PBXBuildFile; productRef = D20000000000000000000005 /* FluidAudio */; };
		D20000000000000000000011 /* OnDeviceDiarizationService.swift in Sources */ = {isa = PBXBuildFile; fileRef = D20000000000000000000010 /* OnDeviceDiarizationService.swift */; };
		D20000000000000000000012 /* OnDeviceDiarizationService.swift in Sources */ = {isa = PBXBuildFile; fileRef = D20000000000000000000010 /* OnDeviceDiarizationService.swift */; };
		D20000000000000000000021 /* OnDeviceDiarizationTests.swift in Sources */ = {isa = PBXBuildFile; fileRef = D20000000000000000000020 /* OnDeviceDiarizationTests.swift */; };
		D20000000000000000000071 /* JevClassifierTests.swift in Sources */ = {isa = PBXBuildFile; fileRef = D20000000000000000000070 /* JevClassifierTests.swift */; };
		D20000000000000000000072 /* JevClassifierTests.swift in Sources */ = {isa = PBXBuildFile; fileRef = D20000000000000000000070 /* JevClassifierTests.swift */; };
		D20000000000000000000022 /* OnDeviceDiarizationTests.swift in Sources */ = {isa = PBXBuildFile; fileRef = D20000000000000000000020 /* OnDeviceDiarizationTests.swift */; };
		3C2BEFA52F9981830058C8BE /* UpdateService.swift in Sources */ = {isa = PBXBuildFile; fileRef = 3C2BEFA42F9981830058C8BE /* UpdateService.swift */; };
		A10000010000000000000001 /* MinitiApp.swift in Sources */ = {isa = PBXBuildFile; fileRef = A20000010000000000000001 /* MinitiApp.swift */; };
		A10000010000000000000002 /* MainWindow.swift in Sources */ = {isa = PBXBuildFile; fileRef = A20000010000000000000002 /* MainWindow.swift */; };
		A10000010000000000000003 /* MeetingView.swift in Sources */ = {isa = PBXBuildFile; fileRef = A20000010000000000000003 /* MeetingView.swift */; };
		A10000010000000000000004 /* TranscriptView.swift in Sources */ = {isa = PBXBuildFile; fileRef = A20000010000000000000004 /* TranscriptView.swift */; };
		A10000010000000000000005 /* InsightsView.swift in Sources */ = {isa = PBXBuildFile; fileRef = A20000010000000000000005 /* InsightsView.swift */; };
		A10000010000000000000007 /* SettingsView.swift in Sources */ = {isa = PBXBuildFile; fileRef = A20000010000000000000007 /* SettingsView.swift */; };
		A10000010000000000000008 /* Meeting.swift in Sources */ = {isa = PBXBuildFile; fileRef = A20000010000000000000008 /* Meeting.swift */; };
		A10000010000000000000009 /* AppState.swift in Sources */ = {isa = PBXBuildFile; fileRef = A20000010000000000000009 /* AppState.swift */; };
		A10000010000000000000010 /* AudioCaptureService.swift in Sources */ = {isa = PBXBuildFile; fileRef = A20000010000000000000010 /* AudioCaptureService.swift */; };
		A10000010000000000000011 /* DeepgramService.swift in Sources */ = {isa = PBXBuildFile; fileRef = A20000010000000000000011 /* DeepgramService.swift */; };
		A10000010000000000000012 /* InsightsService.swift in Sources */ = {isa = PBXBuildFile; fileRef = A20000010000000000000012 /* InsightsService.swift */; };
		A10000010000000000000013 /* Assets.xcassets in Resources */ = {isa = PBXBuildFile; fileRef = A20000010000000000000013 /* Assets.xcassets */; };
		A10000010000000000000014 /* KeyboardShortcutsService.swift in Sources */ = {isa = PBXBuildFile; fileRef = A20000010000000000000016 /* KeyboardShortcutsService.swift */; };
		A10000010000000000000015 /* Secrets.swift in Sources */ = {isa = PBXBuildFile; fileRef = A20000010000000000000017 /* Secrets.swift */; };
		A10000010000000000000016 /* DeviceIdentifier.swift in Sources */ = {isa = PBXBuildFile; fileRef = A20000010000000000000018 /* DeviceIdentifier.swift */; };
		A10000010000000000000017 /* MinitiAPIService.swift in Sources */ = {isa = PBXBuildFile; fileRef = A20000010000000000000019 /* MinitiAPIService.swift */; };
		A10000010000000000000018 /* OnboardingView.swift in Sources */ = {isa = PBXBuildFile; fileRef = A20000010000000000000020 /* OnboardingView.swift */; };
		A10000010000000000000019 /* UsageBanner.swift in Sources */ = {isa = PBXBuildFile; fileRef = A20000010000000000000021 /* UsageBanner.swift */; };
		A10000010000000000000020 /* LimitReachedView.swift in Sources */ = {isa = PBXBuildFile; fileRef = A20000010000000000000022 /* LimitReachedView.swift */; };
		A10000010000000000000023 /* ColorPalette.swift in Sources */ = {isa = PBXBuildFile; fileRef = A20000010000000000000023 /* ColorPalette.swift */; };
		AB0000010000000000000003 /* DebugLogger.swift in Sources */ = {isa = PBXBuildFile; fileRef = AB0000010000000000000001 /* DebugLogger.swift */; };
		AB0000010000000000000004 /* DebugLogView.swift in Sources */ = {isa = PBXBuildFile; fileRef = AB0000010000000000000002 /* DebugLogView.swift */; };
		AB0000010000000000000005 /* DebugLogger.swift in Sources */ = {isa = PBXBuildFile; fileRef = AB0000010000000000000001 /* DebugLogger.swift */; };
		AB0000010000000000000006 /* DebugLogView.swift in Sources */ = {isa = PBXBuildFile; fileRef = AB0000010000000000000002 /* DebugLogView.swift */; };
		AC0000010000000000000002 /* TermsAcceptanceView.swift in Sources */ = {isa = PBXBuildFile; fileRef = AC0000010000000000000001 /* TermsAcceptanceView.swift */; };
		AC0000010000000000000003 /* TermsAcceptanceView.swift in Sources */ = {isa = PBXBuildFile; fileRef = AC0000010000000000000001 /* TermsAcceptanceView.swift */; };
		AD0000010000000000000002 /* WebhookService.swift in Sources */ = {isa = PBXBuildFile; fileRef = AD0000010000000000000001 /* WebhookService.swift */; };
		AD0000010000000000000003 /* WebhookService.swift in Sources */ = {isa = PBXBuildFile; fileRef = AD0000010000000000000001 /* WebhookService.swift */; };
		AD0000010000000000000012 /* DocsMCPService.swift in Sources */ = {isa = PBXBuildFile; fileRef = AD0000010000000000000011 /* DocsMCPService.swift */; };
		AD0000010000000000000013 /* DocsMCPService.swift in Sources */ = {isa = PBXBuildFile; fileRef = AD0000010000000000000011 /* DocsMCPService.swift */; };
		B80000010000000000000002 /* GranolaCSVImporter.swift in Sources */ = {isa = PBXBuildFile; fileRef = B80000010000000000000001 /* GranolaCSVImporter.swift */; };
		B80000010000000000000003 /* GranolaCSVImporter.swift in Sources */ = {isa = PBXBuildFile; fileRef = B80000010000000000000001 /* GranolaCSVImporter.swift */; };
		CA0000010000000000000011 /* CallLifecyclePolicy.swift in Sources */ = {isa = PBXBuildFile; fileRef = CA0000010000000000000001 /* CallLifecyclePolicy.swift */; };
		CA0000010000000000000012 /* CallLifecyclePolicy.swift in Sources */ = {isa = PBXBuildFile; fileRef = CA0000010000000000000001 /* CallLifecyclePolicy.swift */; };
		CA0000010000000000000013 /* CallActivityMonitor.swift in Sources */ = {isa = PBXBuildFile; fileRef = CA0000010000000000000002 /* CallActivityMonitor.swift */; };
		CA0000010000000000000014 /* RecordingIndicatorPanel.swift in Sources */ = {isa = PBXBuildFile; fileRef = CA0000010000000000000003 /* RecordingIndicatorPanel.swift */; };
		CA0000010000000000000015 /* CallLifecycleTests.swift in Sources */ = {isa = PBXBuildFile; fileRef = CA0000010000000000000004 /* CallLifecycleTests.swift */; };
		CA0000010000000000000016 /* CallLifecycleTests.swift in Sources */ = {isa = PBXBuildFile; fileRef = CA0000010000000000000004 /* CallLifecycleTests.swift */; };
		B90000010000000000000002 /* MinitiDesignSystem.swift in Sources */ = {isa = PBXBuildFile; fileRef = B90000010000000000000001 /* MinitiDesignSystem.swift */; };
		B90000010000000000000003 /* MinitiDesignSystem.swift in Sources */ = {isa = PBXBuildFile; fileRef = B90000010000000000000001 /* MinitiDesignSystem.swift */; };
		AE0000010000000000000002 /* ForceUpdateView.swift in Sources */ = {isa = PBXBuildFile; fileRef = AE0000010000000000000001 /* ForceUpdateView.swift */; };
		AE0000010000000000000012 /* ScreenshotMode.swift in Sources */ = {isa = PBXBuildFile; fileRef = AE0000010000000000000011 /* ScreenshotMode.swift */; };
		AE0000010000000000000022 /* InsightTemplates.swift in Sources */ = {isa = PBXBuildFile; fileRef = AE0000010000000000000021 /* InsightTemplates.swift */; };
		AE0000010000000000000032 /* ClientAuth.swift in Sources */ = {isa = PBXBuildFile; fileRef = AE0000010000000000000031 /* ClientAuth.swift */; };
		AE0000010000000000000052 /* ManagedAccountViews.swift in Sources */ = {isa = PBXBuildFile; fileRef = AE0000010000000000000051 /* ManagedAccountViews.swift */; };
		AE0000010000000000000053 /* ManagedAccountViews.swift in Sources */ = {isa = PBXBuildFile; fileRef = AE0000010000000000000051 /* ManagedAccountViews.swift */; };
		AE0000010000000000000033 /* ClientAuth.swift in Sources */ = {isa = PBXBuildFile; fileRef = AE0000010000000000000031 /* ClientAuth.swift */; };
		AE0000010000000000000042 /* ClientAuthTests.swift in Sources */ = {isa = PBXBuildFile; fileRef = AE0000010000000000000041 /* ClientAuthTests.swift */; };
		AE0000010000000000000043 /* ClientAuthTests.swift in Sources */ = {isa = PBXBuildFile; fileRef = AE0000010000000000000041 /* ClientAuthTests.swift */; };
		AE0000010000000000000023 /* InsightTemplates.swift in Sources */ = {isa = PBXBuildFile; fileRef = AE0000010000000000000021 /* InsightTemplates.swift */; };
		AE0000010000000000000013 /* ScreenshotMode.swift in Sources */ = {isa = PBXBuildFile; fileRef = AE0000010000000000000011 /* ScreenshotMode.swift */; };
		AE0000010000000000000003 /* ForceUpdateView.swift in Sources */ = {isa = PBXBuildFile; fileRef = AE0000010000000000000001 /* ForceUpdateView.swift */; };
		AF0000010000000000000001 /* SelectableTextView.swift in Sources */ = {isa = PBXBuildFile; fileRef = AF0000010000000000000003 /* SelectableTextView.swift */; };
		AF0000010000000000000002 /* SelectableTextView.swift in Sources */ = {isa = PBXBuildFile; fileRef = AF0000010000000000000003 /* SelectableTextView.swift */; };
		B70000010000000000000002 /* LiveTranscriptTextPaneMac.swift in Sources */ = {isa = PBXBuildFile; fileRef = B70000010000000000000001 /* LiveTranscriptTextPaneMac.swift */; };
		C10000010000000000000001 /* Meeting.swift in Sources */ = {isa = PBXBuildFile; fileRef = A20000010000000000000008 /* Meeting.swift */; };
		C10000010000000000000002 /* AppState.swift in Sources */ = {isa = PBXBuildFile; fileRef = A20000010000000000000009 /* AppState.swift */; };
		C10000010000000000000003 /* ColorPalette.swift in Sources */ = {isa = PBXBuildFile; fileRef = A20000010000000000000023 /* ColorPalette.swift */; };
		C10000010000000000000004 /* DeepgramService.swift in Sources */ = {isa = PBXBuildFile; fileRef = A20000010000000000000011 /* DeepgramService.swift */; };
		C10000010000000000000005 /* InsightsService.swift in Sources */ = {isa = PBXBuildFile; fileRef = A20000010000000000000012 /* InsightsService.swift */; };
		C10000010000000000000006 /* DeviceIdentifier.swift in Sources */ = {isa = PBXBuildFile; fileRef = A20000010000000000000018 /* DeviceIdentifier.swift */; };
		C10000010000000000000007 /* MinitiAPIService.swift in Sources */ = {isa = PBXBuildFile; fileRef = A20000010000000000000019 /* MinitiAPIService.swift */; };
		C10000010000000000000008 /* Secrets.swift in Sources */ = {isa = PBXBuildFile; fileRef = A20000010000000000000017 /* Secrets.swift */; };
		C10000010000000000000009 /* TranscriptView.swift in Sources */ = {isa = PBXBuildFile; fileRef = A20000010000000000000004 /* TranscriptView.swift */; };
		C10000010000000000000010 /* InsightsView.swift in Sources */ = {isa = PBXBuildFile; fileRef = A20000010000000000000005 /* InsightsView.swift */; };
		C10000010000000000000011 /* OnboardingView.swift in Sources */ = {isa = PBXBuildFile; fileRef = A20000010000000000000020 /* OnboardingView.swift */; };
		C10000010000000000000012 /* UsageBanner.swift in Sources */ = {isa = PBXBuildFile; fileRef = A20000010000000000000021 /* UsageBanner.swift */; };
		C10000010000000000000013 /* LimitReachedView.swift in Sources */ = {isa = PBXBuildFile; fileRef = A20000010000000000000022 /* LimitReachedView.swift */; };
		C10000010000000000000014 /* MinitiApp_iOS.swift in Sources */ = {isa = PBXBuildFile; fileRef = C20000010000000000000001 /* MinitiApp_iOS.swift */; };
		C10000010000000000000015 /* AudioCaptureService_iOS.swift in Sources */ = {isa = PBXBuildFile; fileRef = C20000010000000000000002 /* AudioCaptureService_iOS.swift */; };
		C10000010000000000000016 /* MainTabView.swift in Sources */ = {isa = PBXBuildFile; fileRef = C20000010000000000000003 /* MainTabView.swift */; };
		C10000010000000000000017 /* MeetingView_iOS.swift in Sources */ = {isa = PBXBuildFile; fileRef = C20000010000000000000004 /* MeetingView_iOS.swift */; };
		C10000010000000000000018 /* SettingsView_iOS.swift in Sources */ = {isa = PBXBuildFile; fileRef = C20000010000000000000005 /* SettingsView_iOS.swift */; };
		C10000010000000000000019 /* HistoryView_iOS.swift in Sources */ = {isa = PBXBuildFile; fileRef = C20000010000000000000006 /* HistoryView_iOS.swift */; };
		C10000010000000000000020 /* Assets.xcassets in Resources */ = {isa = PBXBuildFile; fileRef = A20000010000000000000013 /* Assets.xcassets */; };
		E10000010000000000000001 /* RecordingActivityAttributes.swift in Sources */ = {isa = PBXBuildFile; fileRef = E20000010000000000000001 /* RecordingActivityAttributes.swift */; };
		E10000010000000000000002 /* RecordingActivityAttributes.swift in Sources */ = {isa = PBXBuildFile; fileRef = E20000010000000000000001 /* RecordingActivityAttributes.swift */; };
		E10000010000000000000003 /* MinitiLiveActivityBundle.swift in Sources */ = {isa = PBXBuildFile; fileRef = E20000010000000000000002 /* MinitiLiveActivityBundle.swift */; };
		E10000010000000000000004 /* MinitiLiveActivityLiveActivity.swift in Sources */ = {isa = PBXBuildFile; fileRef = E20000010000000000000003 /* MinitiLiveActivityLiveActivity.swift */; };
		E10000010000000000000005 /* MinitiLiveActivityExtension.appex in Embed Foundation Extensions */ = {isa = PBXBuildFile; fileRef = E30000010000000000000001 /* MinitiLiveActivityExtension.appex */; settings = {ATTRIBUTES = (RemoveHeadersOnCopy, ); }; };
		T10000010000000000000001 /* MinitiAPIServiceTests.swift in Sources */ = {isa = PBXBuildFile; fileRef = T20000010000000000000001 /* MinitiAPIServiceTests.swift */; };
		T10000010000000000000002 /* TrainingMetricsTests.swift in Sources */ = {isa = PBXBuildFile; fileRef = T20000010000000000000002 /* TrainingMetricsTests.swift */; };
		T10000010000000000000003 /* MeetingModelTests.swift in Sources */ = {isa = PBXBuildFile; fileRef = T20000010000000000000003 /* MeetingModelTests.swift */; };
		T10000010000000000000004 /* WebhookPayloadTests.swift in Sources */ = {isa = PBXBuildFile; fileRef = T20000010000000000000004 /* WebhookPayloadTests.swift */; };
		T10000010000000000000005 /* AppStateComputationTests.swift in Sources */ = {isa = PBXBuildFile; fileRef = T20000010000000000000005 /* AppStateComputationTests.swift */; };
		T10000010000000000000006 /* DeepgramParsingTests.swift in Sources */ = {isa = PBXBuildFile; fileRef = T20000010000000000000006 /* DeepgramParsingTests.swift */; };
		T10000010000000000000007 /* InsightsParsingTests.swift in Sources */ = {isa = PBXBuildFile; fileRef = T20000010000000000000007 /* InsightsParsingTests.swift */; };
		T10000010000000000000008 /* ColorPaletteTests.swift in Sources */ = {isa = PBXBuildFile; fileRef = T20000010000000000000008 /* ColorPaletteTests.swift */; };
		T10000010000000000000009 /* SelectableAttributedTests.swift in Sources */ = {isa = PBXBuildFile; fileRef = T20000010000000000000009 /* SelectableAttributedTests.swift */; };
		U10000010000000000000001 /* MinitiAPIServiceTests.swift in Sources */ = {isa = PBXBuildFile; fileRef = T20000010000000000000001 /* MinitiAPIServiceTests.swift */; };
		U10000010000000000000002 /* TrainingMetricsTests.swift in Sources */ = {isa = PBXBuildFile; fileRef = T20000010000000000000002 /* TrainingMetricsTests.swift */; };
		U10000010000000000000003 /* MeetingModelTests.swift in Sources */ = {isa = PBXBuildFile; fileRef = T20000010000000000000003 /* MeetingModelTests.swift */; };
		U10000010000000000000004 /* WebhookPayloadTests.swift in Sources */ = {isa = PBXBuildFile; fileRef = T20000010000000000000004 /* WebhookPayloadTests.swift */; };
		U10000010000000000000005 /* AppStateComputationTests.swift in Sources */ = {isa = PBXBuildFile; fileRef = T20000010000000000000005 /* AppStateComputationTests.swift */; };
		U10000010000000000000006 /* DeepgramParsingTests.swift in Sources */ = {isa = PBXBuildFile; fileRef = T20000010000000000000006 /* DeepgramParsingTests.swift */; };
		U10000010000000000000007 /* InsightsParsingTests.swift in Sources */ = {isa = PBXBuildFile; fileRef = T20000010000000000000007 /* InsightsParsingTests.swift */; };
		U10000010000000000000008 /* ColorPaletteTests.swift in Sources */ = {isa = PBXBuildFile; fileRef = T20000010000000000000008 /* ColorPaletteTests.swift */; };
		U10000010000000000000009 /* SelectableAttributedTests.swift in Sources */ = {isa = PBXBuildFile; fileRef = T20000010000000000000009 /* SelectableAttributedTests.swift */; };
		D10000000000000000000002 /* PersistentStore.swift in Sources */ = {isa = PBXBuildFile; fileRef = D10000000000000000000001 /* PersistentStore.swift */; };
		D10000000000000000000003 /* PersistentStore.swift in Sources */ = {isa = PBXBuildFile; fileRef = D10000000000000000000001 /* PersistentStore.swift */; };
		D10000000000000000000005 /* StoreRecoveryView.swift in Sources */ = {isa = PBXBuildFile; fileRef = D10000000000000000000004 /* StoreRecoveryView.swift */; };
		D10000000000000000000006 /* StoreRecoveryView.swift in Sources */ = {isa = PBXBuildFile; fileRef = D10000000000000000000004 /* StoreRecoveryView.swift */; };
		D10000000000000000000008 /* PersistentStoreTests.swift in Sources */ = {isa = PBXBuildFile; fileRef = D10000000000000000000007 /* PersistentStoreTests.swift */; };
		D10000000000000000000009 /* PersistentStoreTests.swift in Sources */ = {isa = PBXBuildFile; fileRef = D10000000000000000000007 /* PersistentStoreTests.swift */; };
		D1000000000000000000000B /* AppState+Persistence.swift in Sources */ = {isa = PBXBuildFile; fileRef = D1000000000000000000000A /* AppState+Persistence.swift */; };
		D1000000000000000000000C /* AppState+Persistence.swift in Sources */ = {isa = PBXBuildFile; fileRef = D1000000000000000000000A /* AppState+Persistence.swift */; };
		D1000000000000000000000E /* PersistenceIssueBanner.swift in Sources */ = {isa = PBXBuildFile; fileRef = D1000000000000000000000D /* PersistenceIssueBanner.swift */; };
		D1000000000000000000000F /* PersistenceIssueBanner.swift in Sources */ = {isa = PBXBuildFile; fileRef = D1000000000000000000000D /* PersistenceIssueBanner.swift */; };
		D10000000000000000000011 /* PersistencePolicyTests.swift in Sources */ = {isa = PBXBuildFile; fileRef = D10000000000000000000010 /* PersistencePolicyTests.swift */; };
		D10000000000000000000012 /* PersistencePolicyTests.swift in Sources */ = {isa = PBXBuildFile; fileRef = D10000000000000000000010 /* PersistencePolicyTests.swift */; };
		D10000000000000000000014 /* TestSupport.swift in Sources */ = {isa = PBXBuildFile; fileRef = D10000000000000000000013 /* TestSupport.swift */; };
		D10000000000000000000015 /* TestSupport.swift in Sources */ = {isa = PBXBuildFile; fileRef = D10000000000000000000013 /* TestSupport.swift */; };
		D10000000000000000000017 /* MinitiAPIServiceTransportTests.swift in Sources */ = {isa = PBXBuildFile; fileRef = D10000000000000000000016 /* MinitiAPIServiceTransportTests.swift */; };
		D10000000000000000000018 /* MinitiAPIServiceTransportTests.swift in Sources */ = {isa = PBXBuildFile; fileRef = D10000000000000000000016 /* MinitiAPIServiceTransportTests.swift */; };
		D1000000000000000000001A /* CalendarEventDecodingTests.swift in Sources */ = {isa = PBXBuildFile; fileRef = D10000000000000000000019 /* CalendarEventDecodingTests.swift */; };
		D1000000000000000000001B /* CalendarEventDecodingTests.swift in Sources */ = {isa = PBXBuildFile; fileRef = D10000000000000000000019 /* CalendarEventDecodingTests.swift */; };
		D1000000000000000000001D /* MeetingJourneyTests.swift in Sources */ = {isa = PBXBuildFile; fileRef = D1000000000000000000001C /* MeetingJourneyTests.swift */; };
		D1000000000000000000001E /* MeetingJourneyTests.swift in Sources */ = {isa = PBXBuildFile; fileRef = D1000000000000000000001C /* MeetingJourneyTests.swift */; };
		D10000000000000000000020 /* CustomInsightTemplates.swift in Sources */ = {isa = PBXBuildFile; fileRef = D1000000000000000000001F /* CustomInsightTemplates.swift */; };
		D10000000000000000000021 /* CustomInsightTemplates.swift in Sources */ = {isa = PBXBuildFile; fileRef = D1000000000000000000001F /* CustomInsightTemplates.swift */; };
		D10000000000000000000023 /* TemplateSettingsViews.swift in Sources */ = {isa = PBXBuildFile; fileRef = D10000000000000000000022 /* TemplateSettingsViews.swift */; };
		D10000000000000000000024 /* TemplateSettingsViews.swift in Sources */ = {isa = PBXBuildFile; fileRef = D10000000000000000000022 /* TemplateSettingsViews.swift */; };
		D10000000000000000000026 /* CustomInsightTemplateTests.swift in Sources */ = {isa = PBXBuildFile; fileRef = D10000000000000000000025 /* CustomInsightTemplateTests.swift */; };
		D10000000000000000000027 /* CustomInsightTemplateTests.swift in Sources */ = {isa = PBXBuildFile; fileRef = D10000000000000000000025 /* CustomInsightTemplateTests.swift */; };
/* End PBXBuildFile section */

/* Begin PBXContainerItemProxy section */
		E90000010000000000000001 /* PBXContainerItemProxy */ = {
			isa = PBXContainerItemProxy;
			containerPortal = A90000010000000000000001 /* Project object */;
			proxyType = 1;
			remoteGlobalIDString = E60000010000000000000001;
			remoteInfo = MinitiLiveActivityExtension;
		};
		T91000010000000000000001 /* PBXContainerItemProxy */ = {
			isa = PBXContainerItemProxy;
			containerPortal = A90000010000000000000001 /* Project object */;
			proxyType = 1;
			remoteGlobalIDString = A60000010000000000000001;
			remoteInfo = Miniti;
		};
		U30000010000000000000001 /* PBXContainerItemProxy */ = {
			isa = PBXContainerItemProxy;
			containerPortal = A90000010000000000000001 /* Project object */;
			proxyType = 1;
			remoteGlobalIDString = C60000010000000000000001;
			remoteInfo = MinitiMobile;
		};
/* End PBXContainerItemProxy section */

/* Begin PBXCopyFilesBuildPhase section */
		E70000010000000000000003 /* Embed Foundation Extensions */ = {
			isa = PBXCopyFilesBuildPhase;
			buildActionMask = 2147483647;
			dstPath = "";
			dstSubfolderSpec = 13;
			files = (
				E10000010000000000000005 /* MinitiLiveActivityExtension.appex in Embed Foundation Extensions */,
			);
			name = "Embed Foundation Extensions";
			runOnlyForDeploymentPostprocessing = 0;
		};
/* End PBXCopyFilesBuildPhase section */

/* Begin PBXFileReference section */
		3C2BEFA42F9981830058C8BE /* UpdateService.swift */ = {isa = PBXFileReference; lastKnownFileType = sourcecode.swift; path = UpdateService.swift; sourceTree = "<group>"; };
		A20000010000000000000001 /* MinitiApp.swift */ = {isa = PBXFileReference; lastKnownFileType = sourcecode.swift; path = MinitiApp.swift; sourceTree = "<group>"; };
		A20000010000000000000002 /* MainWindow.swift */ = {isa = PBXFileReference; lastKnownFileType = sourcecode.swift; path = MainWindow.swift; sourceTree = "<group>"; };
		A20000010000000000000003 /* MeetingView.swift */ = {isa = PBXFileReference; lastKnownFileType = sourcecode.swift; path = MeetingView.swift; sourceTree = "<group>"; };
		A20000010000000000000004 /* TranscriptView.swift */ = {isa = PBXFileReference; lastKnownFileType = sourcecode.swift; path = TranscriptView.swift; sourceTree = "<group>"; };
		A20000010000000000000005 /* InsightsView.swift */ = {isa = PBXFileReference; lastKnownFileType = sourcecode.swift; path = InsightsView.swift; sourceTree = "<group>"; };
		A20000010000000000000007 /* SettingsView.swift */ = {isa = PBXFileReference; lastKnownFileType = sourcecode.swift; path = SettingsView.swift; sourceTree = "<group>"; };
		A20000010000000000000008 /* Meeting.swift */ = {isa = PBXFileReference; lastKnownFileType = sourcecode.swift; path = Meeting.swift; sourceTree = "<group>"; };
		A20000010000000000000009 /* AppState.swift */ = {isa = PBXFileReference; lastKnownFileType = sourcecode.swift; path = AppState.swift; sourceTree = "<group>"; };
		A20000010000000000000010 /* AudioCaptureService.swift */ = {isa = PBXFileReference; lastKnownFileType = sourcecode.swift; path = AudioCaptureService.swift; sourceTree = "<group>"; };
		A20000010000000000000011 /* DeepgramService.swift */ = {isa = PBXFileReference; lastKnownFileType = sourcecode.swift; path = DeepgramService.swift; sourceTree = "<group>"; };
		A20000010000000000000012 /* InsightsService.swift */ = {isa = PBXFileReference; lastKnownFileType = sourcecode.swift; path = InsightsService.swift; sourceTree = "<group>"; };
		A20000010000000000000013 /* Assets.xcassets */ = {isa = PBXFileReference; lastKnownFileType = folder.assetcatalog; path = Assets.xcassets; sourceTree = "<group>"; };
		A20000010000000000000014 /* Miniti.entitlements */ = {isa = PBXFileReference; lastKnownFileType = text.plist.entitlements; path = Miniti.entitlements; sourceTree = "<group>"; };
		A20000010000000000000015 /* Info.plist */ = {isa = PBXFileReference; lastKnownFileType = text.plist.xml; path = Info.plist; sourceTree = "<group>"; };
		A20000010000000000000016 /* KeyboardShortcutsService.swift */ = {isa = PBXFileReference; lastKnownFileType = sourcecode.swift; path = KeyboardShortcutsService.swift; sourceTree = "<group>"; };
		A20000010000000000000017 /* Secrets.swift */ = {isa = PBXFileReference; lastKnownFileType = sourcecode.swift; path = Secrets.swift; sourceTree = "<group>"; };
		A20000010000000000000018 /* DeviceIdentifier.swift */ = {isa = PBXFileReference; lastKnownFileType = sourcecode.swift; path = DeviceIdentifier.swift; sourceTree = "<group>"; };
		A20000010000000000000019 /* MinitiAPIService.swift */ = {isa = PBXFileReference; lastKnownFileType = sourcecode.swift; path = MinitiAPIService.swift; sourceTree = "<group>"; };
		A20000010000000000000020 /* OnboardingView.swift */ = {isa = PBXFileReference; lastKnownFileType = sourcecode.swift; path = OnboardingView.swift; sourceTree = "<group>"; };
		A20000010000000000000021 /* UsageBanner.swift */ = {isa = PBXFileReference; lastKnownFileType = sourcecode.swift; path = UsageBanner.swift; sourceTree = "<group>"; };
		A20000010000000000000022 /* LimitReachedView.swift */ = {isa = PBXFileReference; lastKnownFileType = sourcecode.swift; path = LimitReachedView.swift; sourceTree = "<group>"; };
		A20000010000000000000023 /* ColorPalette.swift */ = {isa = PBXFileReference; lastKnownFileType = sourcecode.swift; path = ColorPalette.swift; sourceTree = "<group>"; };
		A30000010000000000000001 /* miniti.app */ = {isa = PBXFileReference; explicitFileType = wrapper.application; includeInIndex = 0; path = miniti.app; sourceTree = BUILT_PRODUCTS_DIR; };
		AB0000010000000000000001 /* DebugLogger.swift */ = {isa = PBXFileReference; lastKnownFileType = sourcecode.swift; path = DebugLogger.swift; sourceTree = "<group>"; };
		AB0000010000000000000002 /* DebugLogView.swift */ = {isa = PBXFileReference; lastKnownFileType = sourcecode.swift; path = DebugLogView.swift; sourceTree = "<group>"; };
		AC0000010000000000000001 /* TermsAcceptanceView.swift */ = {isa = PBXFileReference; lastKnownFileType = sourcecode.swift; path = TermsAcceptanceView.swift; sourceTree = "<group>"; };
		AD0000010000000000000001 /* WebhookService.swift */ = {isa = PBXFileReference; lastKnownFileType = sourcecode.swift; path = WebhookService.swift; sourceTree = "<group>"; };
		AD0000010000000000000011 /* DocsMCPService.swift */ = {isa = PBXFileReference; lastKnownFileType = sourcecode.swift; path = DocsMCPService.swift; sourceTree = "<group>"; };
		B80000010000000000000001 /* GranolaCSVImporter.swift */ = {isa = PBXFileReference; lastKnownFileType = sourcecode.swift; path = GranolaCSVImporter.swift; sourceTree = "<group>"; };
		CA0000010000000000000001 /* CallLifecyclePolicy.swift */ = {isa = PBXFileReference; lastKnownFileType = sourcecode.swift; path = CallLifecyclePolicy.swift; sourceTree = "<group>"; };
		CA0000010000000000000002 /* CallActivityMonitor.swift */ = {isa = PBXFileReference; lastKnownFileType = sourcecode.swift; path = CallActivityMonitor.swift; sourceTree = "<group>"; };
		CA0000010000000000000003 /* RecordingIndicatorPanel.swift */ = {isa = PBXFileReference; lastKnownFileType = sourcecode.swift; path = RecordingIndicatorPanel.swift; sourceTree = "<group>"; };
		CA0000010000000000000004 /* CallLifecycleTests.swift */ = {isa = PBXFileReference; lastKnownFileType = sourcecode.swift; path = CallLifecycleTests.swift; sourceTree = "<group>"; };
		B90000010000000000000001 /* MinitiDesignSystem.swift */ = {isa = PBXFileReference; lastKnownFileType = sourcecode.swift; path = MinitiDesignSystem.swift; sourceTree = "<group>"; };
		AE0000010000000000000001 /* ForceUpdateView.swift */ = {isa = PBXFileReference; lastKnownFileType = sourcecode.swift; path = ForceUpdateView.swift; sourceTree = "<group>"; };
		AE0000010000000000000011 /* ScreenshotMode.swift */ = {isa = PBXFileReference; lastKnownFileType = sourcecode.swift; path = ScreenshotMode.swift; sourceTree = "<group>"; };
		AE0000010000000000000021 /* InsightTemplates.swift */ = {isa = PBXFileReference; lastKnownFileType = sourcecode.swift; path = InsightTemplates.swift; sourceTree = "<group>"; };
		AE0000010000000000000031 /* ClientAuth.swift */ = {isa = PBXFileReference; lastKnownFileType = sourcecode.swift; path = ClientAuth.swift; sourceTree = "<group>"; };
		AE0000010000000000000051 /* ManagedAccountViews.swift */ = {isa = PBXFileReference; lastKnownFileType = sourcecode.swift; path = ManagedAccountViews.swift; sourceTree = "<group>"; };
		AE0000010000000000000041 /* ClientAuthTests.swift */ = {isa = PBXFileReference; lastKnownFileType = sourcecode.swift; path = ClientAuthTests.swift; sourceTree = "<group>"; };
		AF0000010000000000000003 /* SelectableTextView.swift */ = {isa = PBXFileReference; lastKnownFileType = sourcecode.swift; path = SelectableTextView.swift; sourceTree = "<group>"; };
		B70000010000000000000001 /* LiveTranscriptTextPaneMac.swift */ = {isa = PBXFileReference; lastKnownFileType = sourcecode.swift; path = LiveTranscriptTextPaneMac.swift; sourceTree = "<group>"; };
		C20000010000000000000001 /* MinitiApp_iOS.swift */ = {isa = PBXFileReference; lastKnownFileType = sourcecode.swift; path = MinitiApp_iOS.swift; sourceTree = "<group>"; };
		C20000010000000000000002 /* AudioCaptureService_iOS.swift */ = {isa = PBXFileReference; lastKnownFileType = sourcecode.swift; path = AudioCaptureService_iOS.swift; sourceTree = "<group>"; };
		C20000010000000000000003 /* MainTabView.swift */ = {isa = PBXFileReference; lastKnownFileType = sourcecode.swift; path = MainTabView.swift; sourceTree = "<group>"; };
		C20000010000000000000004 /* MeetingView_iOS.swift */ = {isa = PBXFileReference; lastKnownFileType = sourcecode.swift; path = MeetingView_iOS.swift; sourceTree = "<group>"; };
		C20000010000000000000005 /* SettingsView_iOS.swift */ = {isa = PBXFileReference; lastKnownFileType = sourcecode.swift; path = SettingsView_iOS.swift; sourceTree = "<group>"; };
		C20000010000000000000006 /* HistoryView_iOS.swift */ = {isa = PBXFileReference; lastKnownFileType = sourcecode.swift; path = HistoryView_iOS.swift; sourceTree = "<group>"; };
		C20000010000000000000007 /* Info.plist */ = {isa = PBXFileReference; lastKnownFileType = text.plist.xml; path = Info.plist; sourceTree = "<group>"; };
		C20000010000000000000008 /* MinitiMobile.entitlements */ = {isa = PBXFileReference; lastKnownFileType = text.plist.entitlements; path = MinitiMobile.entitlements; sourceTree = "<group>"; };
		C30000010000000000000001 /* MinitiMobile.app */ = {isa = PBXFileReference; explicitFileType = wrapper.application; includeInIndex = 0; path = MinitiMobile.app; sourceTree = BUILT_PRODUCTS_DIR; };
		E20000010000000000000001 /* RecordingActivityAttributes.swift */ = {isa = PBXFileReference; lastKnownFileType = sourcecode.swift; path = RecordingActivityAttributes.swift; sourceTree = "<group>"; };
		E20000010000000000000002 /* MinitiLiveActivityBundle.swift */ = {isa = PBXFileReference; lastKnownFileType = sourcecode.swift; path = MinitiLiveActivityBundle.swift; sourceTree = "<group>"; };
		E20000010000000000000003 /* MinitiLiveActivityLiveActivity.swift */ = {isa = PBXFileReference; lastKnownFileType = sourcecode.swift; path = MinitiLiveActivityLiveActivity.swift; sourceTree = "<group>"; };
		E20000010000000000000004 /* Info.plist */ = {isa = PBXFileReference; lastKnownFileType = text.plist.xml; path = Info.plist; sourceTree = "<group>"; };
		E30000010000000000000001 /* MinitiLiveActivityExtension.appex */ = {isa = PBXFileReference; explicitFileType = "wrapper.app-extension"; includeInIndex = 0; path = MinitiLiveActivityExtension.appex; sourceTree = BUILT_PRODUCTS_DIR; };
		T20000010000000000000001 /* MinitiAPIServiceTests.swift */ = {isa = PBXFileReference; lastKnownFileType = sourcecode.swift; path = MinitiAPIServiceTests.swift; sourceTree = "<group>"; };
		T20000010000000000000002 /* TrainingMetricsTests.swift */ = {isa = PBXFileReference; lastKnownFileType = sourcecode.swift; path = TrainingMetricsTests.swift; sourceTree = "<group>"; };
		T20000010000000000000003 /* MeetingModelTests.swift */ = {isa = PBXFileReference; lastKnownFileType = sourcecode.swift; path = MeetingModelTests.swift; sourceTree = "<group>"; };
		T20000010000000000000004 /* WebhookPayloadTests.swift */ = {isa = PBXFileReference; lastKnownFileType = sourcecode.swift; path = WebhookPayloadTests.swift; sourceTree = "<group>"; };
		T20000010000000000000005 /* AppStateComputationTests.swift */ = {isa = PBXFileReference; lastKnownFileType = sourcecode.swift; path = AppStateComputationTests.swift; sourceTree = "<group>"; };
		T20000010000000000000006 /* DeepgramParsingTests.swift */ = {isa = PBXFileReference; lastKnownFileType = sourcecode.swift; path = DeepgramParsingTests.swift; sourceTree = "<group>"; };
		T20000010000000000000007 /* InsightsParsingTests.swift */ = {isa = PBXFileReference; lastKnownFileType = sourcecode.swift; path = InsightsParsingTests.swift; sourceTree = "<group>"; };
		T20000010000000000000008 /* ColorPaletteTests.swift */ = {isa = PBXFileReference; lastKnownFileType = sourcecode.swift; path = ColorPaletteTests.swift; sourceTree = "<group>"; };
		T20000010000000000000009 /* SelectableAttributedTests.swift */ = {isa = PBXFileReference; lastKnownFileType = sourcecode.swift; path = SelectableAttributedTests.swift; sourceTree = "<group>"; };
		T30000010000000000000002 /* MinitiTests.xctest */ = {isa = PBXFileReference; explicitFileType = wrapper.cfbundle; includeInIndex = 0; path = MinitiTests.xctest; sourceTree = BUILT_PRODUCTS_DIR; };
		U20000010000000000000001 /* MinitiMobileTests.xctest */ = {isa = PBXFileReference; explicitFileType = wrapper.cfbundle; includeInIndex = 0; path = MinitiMobileTests.xctest; sourceTree = BUILT_PRODUCTS_DIR; };
		D10000000000000000000001 /* PersistentStore.swift */ = {isa = PBXFileReference; lastKnownFileType = sourcecode.swift; path = PersistentStore.swift; sourceTree = "<group>"; };
		D10000000000000000000004 /* StoreRecoveryView.swift */ = {isa = PBXFileReference; lastKnownFileType = sourcecode.swift; path = StoreRecoveryView.swift; sourceTree = "<group>"; };
		D10000000000000000000007 /* PersistentStoreTests.swift */ = {isa = PBXFileReference; lastKnownFileType = sourcecode.swift; path = PersistentStoreTests.swift; sourceTree = "<group>"; };
		D1000000000000000000000A /* AppState+Persistence.swift */ = {isa = PBXFileReference; lastKnownFileType = sourcecode.swift; path = "AppState+Persistence.swift"; sourceTree = "<group>"; };
		D1000000000000000000000D /* PersistenceIssueBanner.swift */ = {isa = PBXFileReference; lastKnownFileType = sourcecode.swift; path = PersistenceIssueBanner.swift; sourceTree = "<group>"; };
		D10000000000000000000010 /* PersistencePolicyTests.swift */ = {isa = PBXFileReference; lastKnownFileType = sourcecode.swift; path = PersistencePolicyTests.swift; sourceTree = "<group>"; };
		D10000000000000000000013 /* TestSupport.swift */ = {isa = PBXFileReference; lastKnownFileType = sourcecode.swift; path = TestSupport.swift; sourceTree = "<group>"; };
		D10000000000000000000016 /* MinitiAPIServiceTransportTests.swift */ = {isa = PBXFileReference; lastKnownFileType = sourcecode.swift; path = MinitiAPIServiceTransportTests.swift; sourceTree = "<group>"; };
		D10000000000000000000019 /* CalendarEventDecodingTests.swift */ = {isa = PBXFileReference; lastKnownFileType = sourcecode.swift; path = CalendarEventDecodingTests.swift; sourceTree = "<group>"; };
		D1000000000000000000001C /* MeetingJourneyTests.swift */ = {isa = PBXFileReference; lastKnownFileType = sourcecode.swift; path = MeetingJourneyTests.swift; sourceTree = "<group>"; };
		D1000000000000000000001F /* CustomInsightTemplates.swift */ = {isa = PBXFileReference; lastKnownFileType = sourcecode.swift; path = CustomInsightTemplates.swift; sourceTree = "<group>"; };
		D20000000000000000000010 /* OnDeviceDiarizationService.swift */ = {isa = PBXFileReference; lastKnownFileType = sourcecode.swift; path = OnDeviceDiarizationService.swift; sourceTree = "<group>"; };
		D20000000000000000000030 /* NemotronDiarizer */ = {isa = PBXFileReference; lastKnownFileType = folder; path = NemotronDiarizer; sourceTree = "<group>"; };
		D20000000000000000000050 /* Acknowledgements */ = {isa = PBXFileReference; lastKnownFileType = folder; path = Acknowledgements; sourceTree = "<group>"; };
		D20000000000000000000060 /* AcknowledgementsView.swift */ = {isa = PBXFileReference; lastKnownFileType = sourcecode.swift; path = AcknowledgementsView.swift; sourceTree = "<group>"; };
		D20000000000000000000020 /* OnDeviceDiarizationTests.swift */ = {isa = PBXFileReference; lastKnownFileType = sourcecode.swift; path = OnDeviceDiarizationTests.swift; sourceTree = "<group>"; };
		D20000000000000000000070 /* JevClassifierTests.swift */ = {isa = PBXFileReference; lastKnownFileType = sourcecode.swift; path = JevClassifierTests.swift; sourceTree = "<group>"; };
		D10000000000000000000022 /* TemplateSettingsViews.swift */ = {isa = PBXFileReference; lastKnownFileType = sourcecode.swift; path = TemplateSettingsViews.swift; sourceTree = "<group>"; };
		D10000000000000000000025 /* CustomInsightTemplateTests.swift */ = {isa = PBXFileReference; lastKnownFileType = sourcecode.swift; path = CustomInsightTemplateTests.swift; sourceTree = "<group>"; };
/* End PBXFileReference section */

/* Begin PBXFrameworksBuildPhase section */
		A40000010000000000000001 /* Frameworks */ = {
			isa = PBXFrameworksBuildPhase;
			buildActionMask = 2147483647;
			files = (
				3C2BEFA32F997DAC0058C8BE /* Sparkle in Frameworks */,
				D20000000000000000000003 /* FluidAudio in Frameworks */,
			);
			runOnlyForDeploymentPostprocessing = 0;
		};
		C40000010000000000000001 /* Frameworks */ = {
			isa = PBXFrameworksBuildPhase;
			buildActionMask = 2147483647;
			files = (
				D20000000000000000000004 /* FluidAudio in Frameworks */,
			);
			runOnlyForDeploymentPostprocessing = 0;
		};
		E40000010000000000000001 /* Frameworks */ = {
			isa = PBXFrameworksBuildPhase;
			buildActionMask = 2147483647;
			files = (
			);
			runOnlyForDeploymentPostprocessing = 0;
		};
		T40000010000000000000001 /* Frameworks */ = {
			isa = PBXFrameworksBuildPhase;
			buildActionMask = 2147483647;
			files = (
			);
			runOnlyForDeploymentPostprocessing = 0;
		};
		U60000010000000000000001 /* Frameworks */ = {
			isa = PBXFrameworksBuildPhase;
			buildActionMask = 2147483647;
			files = (
			);
			runOnlyForDeploymentPostprocessing = 0;
		};
/* End PBXFrameworksBuildPhase section */

/* Begin PBXGroup section */
		A50000010000000000000001 = {
			isa = PBXGroup;
			children = (
				3C2BEFA42F9981830058C8BE /* UpdateService.swift */,
				A50000010000000000000002 /* Miniti */,
				C50000010000000000000001 /* MinitiMobile */,
				E50000010000000000000001 /* MinitiLiveActivity */,
				E50000010000000000000002 /* Shared */,
				T50000010000000000000001 /* MinitiTests */,
				A50000010000000000000003 /* Products */,
			);
			sourceTree = "<group>";
		};
		A50000010000000000000002 /* Miniti */ = {
			isa = PBXGroup;
			children = (
				A20000010000000000000001 /* MinitiApp.swift */,
				A20000010000000000000017 /* Secrets.swift */,
				AE0000010000000000000011 /* ScreenshotMode.swift */,
				A50000010000000000000004 /* Views */,
				A50000010000000000000005 /* Models */,
				A50000010000000000000006 /* Services */,
				A50000010000000000000007 /* Resources */,
				A20000010000000000000014 /* Miniti.entitlements */,
				A20000010000000000000015 /* Info.plist */,
			);
			path = Miniti;
			sourceTree = "<group>";
		};
		A50000010000000000000003 /* Products */ = {
			isa = PBXGroup;
			children = (
				A30000010000000000000001 /* miniti.app */,
				C30000010000000000000001 /* MinitiMobile.app */,
				E30000010000000000000001 /* MinitiLiveActivityExtension.appex */,
				T30000010000000000000002 /* MinitiTests.xctest */,
				U20000010000000000000001 /* MinitiMobileTests.xctest */,
			);
			name = Products;
			sourceTree = "<group>";
		};
		A50000010000000000000004 /* Views */ = {
			isa = PBXGroup;
			children = (
				D10000000000000000000022 /* TemplateSettingsViews.swift */,
				D1000000000000000000000D /* PersistenceIssueBanner.swift */,
				D10000000000000000000004 /* StoreRecoveryView.swift */,
				AB0000010000000000000002 /* DebugLogView.swift */,
				A20000010000000000000002 /* MainWindow.swift */,
				A20000010000000000000003 /* MeetingView.swift */,
				A20000010000000000000004 /* TranscriptView.swift */,
				B70000010000000000000001 /* LiveTranscriptTextPaneMac.swift */,
				AF0000010000000000000003 /* SelectableTextView.swift */,
				A20000010000000000000005 /* InsightsView.swift */,
				D20000000000000000000060 /* AcknowledgementsView.swift */,
				B90000010000000000000001 /* MinitiDesignSystem.swift */,
				A20000010000000000000007 /* SettingsView.swift */,
				A20000010000000000000020 /* OnboardingView.swift */,
				A20000010000000000000021 /* UsageBanner.swift */,
				A20000010000000000000022 /* LimitReachedView.swift */,
				AC0000010000000000000001 /* TermsAcceptanceView.swift */,
				AE0000010000000000000001 /* ForceUpdateView.swift */,
				AE0000010000000000000051 /* ManagedAccountViews.swift */,
				CA0000010000000000000003 /* RecordingIndicatorPanel.swift */,
			);
			path = Views;
			sourceTree = "<group>";
		};
		A50000010000000000000005 /* Models */ = {
			isa = PBXGroup;
			children = (
				D1000000000000000000000A /* AppState+Persistence.swift */,
				A20000010000000000000008 /* Meeting.swift */,
				A20000010000000000000009 /* AppState.swift */,
				A20000010000000000000023 /* ColorPalette.swift */,
				CA0000010000000000000001 /* CallLifecyclePolicy.swift */,
			);
			path = Models;
			sourceTree = "<group>";
		};
		A50000010000000000000006 /* Services */ = {
			isa = PBXGroup;
			children = (
				D1000000000000000000001F /* CustomInsightTemplates.swift */,
				D20000000000000000000010 /* OnDeviceDiarizationService.swift */,
				D10000000000000000000001 /* PersistentStore.swift */,
				AE0000010000000000000021 /* InsightTemplates.swift */,
				AE0000010000000000000031 /* ClientAuth.swift */,
				A20000010000000000000010 /* AudioCaptureService.swift */,
				AB0000010000000000000001 /* DebugLogger.swift */,
				A20000010000000000000011 /* DeepgramService.swift */,
				A20000010000000000000012 /* InsightsService.swift */,
				A20000010000000000000016 /* KeyboardShortcutsService.swift */,
				A20000010000000000000018 /* DeviceIdentifier.swift */,
				A20000010000000000000019 /* MinitiAPIService.swift */,
				AD0000010000000000000001 /* WebhookService.swift */,
				AD0000010000000000000011 /* DocsMCPService.swift */,
				B80000010000000000000001 /* GranolaCSVImporter.swift */,
				CA0000010000000000000002 /* CallActivityMonitor.swift */,
			);
			path = Services;
			sourceTree = "<group>";
		};
		A50000010000000000000007 /* Resources */ = {
			isa = PBXGroup;
			children = (
				A20000010000000000000013 /* Assets.xcassets */,
				D20000000000000000000030 /* NemotronDiarizer */,
				D20000000000000000000050 /* Acknowledgements */,
			);
			path = Resources;
			sourceTree = "<group>";
		};
		C50000010000000000000001 /* MinitiMobile */ = {
			isa = PBXGroup;
			children = (
				C20000010000000000000001 /* MinitiApp_iOS.swift */,
				C20000010000000000000002 /* AudioCaptureService_iOS.swift */,
				C50000010000000000000002 /* Views */,
				C20000010000000000000007 /* Info.plist */,
				C20000010000000000000008 /* MinitiMobile.entitlements */,
			);
			path = MinitiMobile;
			sourceTree = "<group>";
		};
		C50000010000000000000002 /* Views */ = {
			isa = PBXGroup;
			children = (
				C20000010000000000000003 /* MainTabView.swift */,
				C20000010000000000000004 /* MeetingView_iOS.swift */,
				C20000010000000000000005 /* SettingsView_iOS.swift */,
				C20000010000000000000006 /* HistoryView_iOS.swift */,
			);
			path = Views;
			sourceTree = "<group>";
		};
		E50000010000000000000001 /* MinitiLiveActivity */ = {
			isa = PBXGroup;
			children = (
				E20000010000000000000002 /* MinitiLiveActivityBundle.swift */,
				E20000010000000000000003 /* MinitiLiveActivityLiveActivity.swift */,
				E20000010000000000000004 /* Info.plist */,
			);
			path = MinitiLiveActivity;
			sourceTree = "<group>";
		};
		E50000010000000000000002 /* Shared */ = {
			isa = PBXGroup;
			children = (
				E20000010000000000000001 /* RecordingActivityAttributes.swift */,
			);
			path = Shared;
			sourceTree = "<group>";
		};
		T50000010000000000000001 /* MinitiTests */ = {
			isa = PBXGroup;
			children = (
				D10000000000000000000025 /* CustomInsightTemplateTests.swift */,
				D20000000000000000000020 /* OnDeviceDiarizationTests.swift */,
				D20000000000000000000070 /* JevClassifierTests.swift */,
				D1000000000000000000001C /* MeetingJourneyTests.swift */,
				D10000000000000000000019 /* CalendarEventDecodingTests.swift */,
				D10000000000000000000016 /* MinitiAPIServiceTransportTests.swift */,
				D10000000000000000000013 /* TestSupport.swift */,
				D10000000000000000000010 /* PersistencePolicyTests.swift */,
				D10000000000000000000007 /* PersistentStoreTests.swift */,
				T20000010000000000000001 /* MinitiAPIServiceTests.swift */,
				T20000010000000000000002 /* TrainingMetricsTests.swift */,
				T20000010000000000000003 /* MeetingModelTests.swift */,
				T20000010000000000000004 /* WebhookPayloadTests.swift */,
				AE0000010000000000000041 /* ClientAuthTests.swift */,
				T20000010000000000000005 /* AppStateComputationTests.swift */,
				T20000010000000000000006 /* DeepgramParsingTests.swift */,
				T20000010000000000000007 /* InsightsParsingTests.swift */,
				T20000010000000000000008 /* ColorPaletteTests.swift */,
				T20000010000000000000009 /* SelectableAttributedTests.swift */,
				CA0000010000000000000004 /* CallLifecycleTests.swift */,
			);
			path = MinitiTests;
			sourceTree = "<group>";
		};
/* End PBXGroup section */

/* Begin PBXNativeTarget section */
		A60000010000000000000001 /* Miniti */ = {
			isa = PBXNativeTarget;
			buildConfigurationList = A80000010000000000000001 /* Build configuration list for PBXNativeTarget "Miniti" */;
			buildPhases = (
				D20000000000000000000040 /* Fetch Nemotron model */,
				A70000010000000000000001 /* Sources */,
				A40000010000000000000001 /* Frameworks */,
				A70000010000000000000002 /* Resources */,
			);
			buildRules = (
			);
			dependencies = (
			);
			name = Miniti;
			productName = Miniti;
			productReference = A30000010000000000000001 /* miniti.app */;
			productType = "com.apple.product-type.application";
		};
		C60000010000000000000001 /* MinitiMobile */ = {
			isa = PBXNativeTarget;
			buildConfigurationList = C80000010000000000000001 /* Build configuration list for PBXNativeTarget "MinitiMobile" */;
			buildPhases = (
				D20000000000000000000041 /* Fetch Nemotron model */,
				C70000010000000000000001 /* Sources */,
				C40000010000000000000001 /* Frameworks */,
				C70000010000000000000002 /* Resources */,
				E70000010000000000000003 /* Embed Foundation Extensions */,
			);
			buildRules = (
			);
			dependencies = (
				EA0000010000000000000001 /* PBXTargetDependency */,
			);
			name = MinitiMobile;
			productName = MinitiMobile;
			productReference = C30000010000000000000001 /* MinitiMobile.app */;
			productType = "com.apple.product-type.application";
		};
		E60000010000000000000001 /* MinitiLiveActivityExtension */ = {
			isa = PBXNativeTarget;
			buildConfigurationList = F80000010000000000000001 /* Build configuration list for PBXNativeTarget "MinitiLiveActivityExtension" */;
			buildPhases = (
				E70000010000000000000001 /* Sources */,
				E40000010000000000000001 /* Frameworks */,
				E70000010000000000000002 /* Resources */,
			);
			buildRules = (
			);
			dependencies = (
			);
			name = MinitiLiveActivityExtension;
			productName = MinitiLiveActivityExtension;
			productReference = E30000010000000000000001 /* MinitiLiveActivityExtension.appex */;
			productType = "com.apple.product-type.app-extension";
		};
		T60000010000000000000001 /* MinitiTests */ = {
			isa = PBXNativeTarget;
			buildConfigurationList = T80000010000000000000001 /* Build configuration list for PBXNativeTarget "MinitiTests" */;
			buildPhases = (
				T70000010000000000000001 /* Sources */,
				T40000010000000000000001 /* Frameworks */,
				T70000010000000000000002 /* Resources */,
			);
			buildRules = (
			);
			dependencies = (
				T92000010000000000000001 /* PBXTargetDependency */,
			);
			name = MinitiTests;
			productName = MinitiTests;
			productReference = T30000010000000000000002 /* MinitiTests.xctest */;
			productType = "com.apple.product-type.bundle.unit-test";
		};
		U50000010000000000000001 /* MinitiMobileTests */ = {
			isa = PBXNativeTarget;
			buildConfigurationList = UA0000010000000000000001 /* Build configuration list for PBXNativeTarget "MinitiMobileTests" */;
			buildPhases = (
				U80000010000000000000001 /* Sources */,
				U60000010000000000000001 /* Frameworks */,
				U70000010000000000000001 /* Resources */,
			);
			buildRules = (
			);
			dependencies = (
				U40000010000000000000001 /* PBXTargetDependency */,
			);
			name = MinitiMobileTests;
			productName = MinitiMobileTests;
			productReference = U20000010000000000000001 /* MinitiMobileTests.xctest */;
			productType = "com.apple.product-type.bundle.unit-test";
		};
/* End PBXNativeTarget section */

/* Begin PBXProject section */
		A90000010000000000000001 /* Project object */ = {
			isa = PBXProject;
			attributes = {
				BuildIndependentTargetsInParallel = 1;
				LastSwiftUpdateCheck = 1500;
				LastUpgradeCheck = 2640;
				TargetAttributes = {
					A60000010000000000000001 = {
						CreatedOnToolsVersion = 15.0;
					};
					C60000010000000000000001 = {
						CreatedOnToolsVersion = 16.0;
					};
					E60000010000000000000001 = {
						CreatedOnToolsVersion = 16.0;
					};
					T60000010000000000000001 = {
						CreatedOnToolsVersion = 16.0;
						TestTargetID = A60000010000000000000001;
					};
					U50000010000000000000001 = {
						CreatedOnToolsVersion = 16.0;
						TestTargetID = C60000010000000000000001;
					};
				};
			};
			buildConfigurationList = A80000010000000000000002 /* Build configuration list for PBXProject "Miniti" */;
			compatibilityVersion = "Xcode 14.0";
			developmentRegion = en;
			hasScannedForEncodings = 0;
			knownRegions = (
				en,
				Base,
			);
			mainGroup = A50000010000000000000001;
			packageReferences = (
				3C2BEFA12F997DAC0058C8BE /* XCRemoteSwiftPackageReference "Sparkle" */,
				D20000000000000000000001 /* XCRemoteSwiftPackageReference "FluidAudio" */,
			);
			productRefGroup = A50000010000000000000003 /* Products */;
			projectDirPath = "";
			projectRoot = "";
			targets = (
				A60000010000000000000001 /* Miniti */,
				C60000010000000000000001 /* MinitiMobile */,
				E60000010000000000000001 /* MinitiLiveActivityExtension */,
				T60000010000000000000001 /* MinitiTests */,
				U50000010000000000000001 /* MinitiMobileTests */,
			);
		};
/* End PBXProject section */

/* Begin PBXResourcesBuildPhase section */
		A70000010000000000000002 /* Resources */ = {
			isa = PBXResourcesBuildPhase;
			buildActionMask = 2147483647;
			files = (
				A10000010000000000000013 /* Assets.xcassets in Resources */,
				D20000000000000000000031 /* NemotronDiarizer in Resources */,
				D20000000000000000000051 /* Acknowledgements in Resources */,
			);
			runOnlyForDeploymentPostprocessing = 0;
		};
		C70000010000000000000002 /* Resources */ = {
			isa = PBXResourcesBuildPhase;
			buildActionMask = 2147483647;
			files = (
				C10000010000000000000020 /* Assets.xcassets in Resources */,
				D20000000000000000000032 /* NemotronDiarizer in Resources */,
				D20000000000000000000052 /* Acknowledgements in Resources */,
			);
			runOnlyForDeploymentPostprocessing = 0;
		};
		E70000010000000000000002 /* Resources */ = {
			isa = PBXResourcesBuildPhase;
			buildActionMask = 2147483647;
			files = (
			);
			runOnlyForDeploymentPostprocessing = 0;
		};
		T70000010000000000000002 /* Resources */ = {
			isa = PBXResourcesBuildPhase;
			buildActionMask = 2147483647;
			files = (
			);
			runOnlyForDeploymentPostprocessing = 0;
		};
		U70000010000000000000001 /* Resources */ = {
			isa = PBXResourcesBuildPhase;
			buildActionMask = 2147483647;
			files = (
			);
			runOnlyForDeploymentPostprocessing = 0;
		};
/* End PBXResourcesBuildPhase section */

/* Begin PBXShellScriptBuildPhase section */
		D20000000000000000000040 /* Fetch Nemotron model */ = {
			isa = PBXShellScriptBuildPhase;
			alwaysOutOfDate = 0;
			buildActionMask = 2147483647;
			files = (
			);
			inputFileListPaths = (
			);
			inputPaths = (
				"$(SRCROOT)/scripts/fetch-nemotron-model.sh",
			);
			name = "Fetch Nemotron model";
			outputFileListPaths = (
			);
			outputPaths = (
				"$(SRCROOT)/Miniti/Resources/NemotronDiarizer/learnable_sil_emb.bin",
				"$(SRCROOT)/Miniti/Resources/NemotronDiarizer/Nemotron3Diarizer_low.mlmodelc/coremldata.bin",
				"$(SRCROOT)/Miniti/Resources/NemotronDiarizer/Nemotron3Diarizer_low.mlmodelc/analytics/coremldata.bin",
				"$(SRCROOT)/Miniti/Resources/NemotronDiarizer/Nemotron3Diarizer_low.mlmodelc/model.mil",
				"$(SRCROOT)/Miniti/Resources/NemotronDiarizer/Nemotron3Diarizer_low.mlmodelc/weights/weight.bin",
			);
			runOnlyForDeploymentPostprocessing = 0;
			shellPath = /bin/zsh;
			shellScript = "\"${SRCROOT}/scripts/fetch-nemotron-model.sh\"\n";
		};
		D20000000000000000000041 /* Fetch Nemotron model */ = {
			isa = PBXShellScriptBuildPhase;
			alwaysOutOfDate = 0;
			buildActionMask = 2147483647;
			files = (
			);
			inputFileListPaths = (
			);
			inputPaths = (
				"$(SRCROOT)/scripts/fetch-nemotron-model.sh",
			);
			name = "Fetch Nemotron model";
			outputFileListPaths = (
			);
			outputPaths = (
				"$(SRCROOT)/Miniti/Resources/NemotronDiarizer/learnable_sil_emb.bin",
				"$(SRCROOT)/Miniti/Resources/NemotronDiarizer/Nemotron3Diarizer_low.mlmodelc/coremldata.bin",
				"$(SRCROOT)/Miniti/Resources/NemotronDiarizer/Nemotron3Diarizer_low.mlmodelc/analytics/coremldata.bin",
				"$(SRCROOT)/Miniti/Resources/NemotronDiarizer/Nemotron3Diarizer_low.mlmodelc/model.mil",
				"$(SRCROOT)/Miniti/Resources/NemotronDiarizer/Nemotron3Diarizer_low.mlmodelc/weights/weight.bin",
			);
			runOnlyForDeploymentPostprocessing = 0;
			shellPath = /bin/zsh;
			shellScript = "\"${SRCROOT}/scripts/fetch-nemotron-model.sh\"\n";
		};
/* End PBXShellScriptBuildPhase section */

/* Begin PBXSourcesBuildPhase section */
		A70000010000000000000001 /* Sources */ = {
			isa = PBXSourcesBuildPhase;
			buildActionMask = 2147483647;
			files = (
				D10000000000000000000023 /* TemplateSettingsViews.swift in Sources */,
				D10000000000000000000020 /* CustomInsightTemplates.swift in Sources */,
				D20000000000000000000011 /* OnDeviceDiarizationService.swift in Sources */,
				D1000000000000000000000E /* PersistenceIssueBanner.swift in Sources */,
				D1000000000000000000000B /* AppState+Persistence.swift in Sources */,
				D10000000000000000000005 /* StoreRecoveryView.swift in Sources */,
				D10000000000000000000002 /* PersistentStore.swift in Sources */,
				A10000010000000000000001 /* MinitiApp.swift in Sources */,
				AE0000010000000000000012 /* ScreenshotMode.swift in Sources */,
				AE0000010000000000000022 /* InsightTemplates.swift in Sources */,
				AE0000010000000000000032 /* ClientAuth.swift in Sources */,
				AE0000010000000000000052 /* ManagedAccountViews.swift in Sources */,
				A10000010000000000000002 /* MainWindow.swift in Sources */,
				A10000010000000000000003 /* MeetingView.swift in Sources */,
				A10000010000000000000004 /* TranscriptView.swift in Sources */,
				B70000010000000000000002 /* LiveTranscriptTextPaneMac.swift in Sources */,
				AF0000010000000000000001 /* SelectableTextView.swift in Sources */,
				A10000010000000000000005 /* InsightsView.swift in Sources */,
				D20000000000000000000061 /* AcknowledgementsView.swift in Sources */,
				A10000010000000000000007 /* SettingsView.swift in Sources */,
				A10000010000000000000008 /* Meeting.swift in Sources */,
				A10000010000000000000009 /* AppState.swift in Sources */,
				A10000010000000000000010 /* AudioCaptureService.swift in Sources */,
				A10000010000000000000011 /* DeepgramService.swift in Sources */,
				A10000010000000000000012 /* InsightsService.swift in Sources */,
				A10000010000000000000014 /* KeyboardShortcutsService.swift in Sources */,
				A10000010000000000000015 /* Secrets.swift in Sources */,
				A10000010000000000000016 /* DeviceIdentifier.swift in Sources */,
				A10000010000000000000017 /* MinitiAPIService.swift in Sources */,
				A10000010000000000000018 /* OnboardingView.swift in Sources */,
				A10000010000000000000019 /* UsageBanner.swift in Sources */,
				A10000010000000000000020 /* LimitReachedView.swift in Sources */,
				A10000010000000000000023 /* ColorPalette.swift in Sources */,
				AB0000010000000000000003 /* DebugLogger.swift in Sources */,
				AB0000010000000000000004 /* DebugLogView.swift in Sources */,
				3C2BEFA52F9981830058C8BE /* UpdateService.swift in Sources */,
				AC0000010000000000000002 /* TermsAcceptanceView.swift in Sources */,
				AE0000010000000000000002 /* ForceUpdateView.swift in Sources */,
				AD0000010000000000000002 /* WebhookService.swift in Sources */,
				AD0000010000000000000012 /* DocsMCPService.swift in Sources */,
				B80000010000000000000002 /* GranolaCSVImporter.swift in Sources */,
				B90000010000000000000002 /* MinitiDesignSystem.swift in Sources */,
				CA0000010000000000000011 /* CallLifecyclePolicy.swift in Sources */,
				CA0000010000000000000013 /* CallActivityMonitor.swift in Sources */,
				CA0000010000000000000014 /* RecordingIndicatorPanel.swift in Sources */,
			);
			runOnlyForDeploymentPostprocessing = 0;
		};
		C70000010000000000000001 /* Sources */ = {
			isa = PBXSourcesBuildPhase;
			buildActionMask = 2147483647;
			files = (
				D10000000000000000000024 /* TemplateSettingsViews.swift in Sources */,
				D10000000000000000000021 /* CustomInsightTemplates.swift in Sources */,
				D20000000000000000000012 /* OnDeviceDiarizationService.swift in Sources */,
				D1000000000000000000000F /* PersistenceIssueBanner.swift in Sources */,
				D1000000000000000000000C /* AppState+Persistence.swift in Sources */,
				D10000000000000000000006 /* StoreRecoveryView.swift in Sources */,
				D10000000000000000000003 /* PersistentStore.swift in Sources */,
				C10000010000000000000001 /* Meeting.swift in Sources */,
				AE0000010000000000000013 /* ScreenshotMode.swift in Sources */,
				AE0000010000000000000023 /* InsightTemplates.swift in Sources */,
				AE0000010000000000000033 /* ClientAuth.swift in Sources */,
				AE0000010000000000000053 /* ManagedAccountViews.swift in Sources */,
				C10000010000000000000002 /* AppState.swift in Sources */,
				C10000010000000000000003 /* ColorPalette.swift in Sources */,
				C10000010000000000000004 /* DeepgramService.swift in Sources */,
				C10000010000000000000005 /* InsightsService.swift in Sources */,
				C10000010000000000000006 /* DeviceIdentifier.swift in Sources */,
				C10000010000000000000007 /* MinitiAPIService.swift in Sources */,
				C10000010000000000000008 /* Secrets.swift in Sources */,
				C10000010000000000000009 /* TranscriptView.swift in Sources */,
				AF0000010000000000000002 /* SelectableTextView.swift in Sources */,
				C10000010000000000000010 /* InsightsView.swift in Sources */,
				D20000000000000000000062 /* AcknowledgementsView.swift in Sources */,
				C10000010000000000000011 /* OnboardingView.swift in Sources */,
				C10000010000000000000012 /* UsageBanner.swift in Sources */,
				C10000010000000000000013 /* LimitReachedView.swift in Sources */,
				E10000010000000000000001 /* RecordingActivityAttributes.swift in Sources */,
				C10000010000000000000014 /* MinitiApp_iOS.swift in Sources */,
				C10000010000000000000015 /* AudioCaptureService_iOS.swift in Sources */,
				C10000010000000000000016 /* MainTabView.swift in Sources */,
				C10000010000000000000017 /* MeetingView_iOS.swift in Sources */,
				C10000010000000000000018 /* SettingsView_iOS.swift in Sources */,
				C10000010000000000000019 /* HistoryView_iOS.swift in Sources */,
				AB0000010000000000000005 /* DebugLogger.swift in Sources */,
				AB0000010000000000000006 /* DebugLogView.swift in Sources */,
				AC0000010000000000000003 /* TermsAcceptanceView.swift in Sources */,
				AE0000010000000000000003 /* ForceUpdateView.swift in Sources */,
				AD0000010000000000000003 /* WebhookService.swift in Sources */,
				AD0000010000000000000013 /* DocsMCPService.swift in Sources */,
				B80000010000000000000003 /* GranolaCSVImporter.swift in Sources */,
				B90000010000000000000003 /* MinitiDesignSystem.swift in Sources */,
				CA0000010000000000000012 /* CallLifecyclePolicy.swift in Sources */,
			);
			runOnlyForDeploymentPostprocessing = 0;
		};
		E70000010000000000000001 /* Sources */ = {
			isa = PBXSourcesBuildPhase;
			buildActionMask = 2147483647;
			files = (
				E10000010000000000000002 /* RecordingActivityAttributes.swift in Sources */,
				E10000010000000000000003 /* MinitiLiveActivityBundle.swift in Sources */,
				E10000010000000000000004 /* MinitiLiveActivityLiveActivity.swift in Sources */,
			);
			runOnlyForDeploymentPostprocessing = 0;
		};
		T70000010000000000000001 /* Sources */ = {
			isa = PBXSourcesBuildPhase;
			buildActionMask = 2147483647;
			files = (
				D10000000000000000000026 /* CustomInsightTemplateTests.swift in Sources */,
				D20000000000000000000021 /* OnDeviceDiarizationTests.swift in Sources */,
				D20000000000000000000071 /* JevClassifierTests.swift in Sources */,
				D1000000000000000000001D /* MeetingJourneyTests.swift in Sources */,
				D1000000000000000000001A /* CalendarEventDecodingTests.swift in Sources */,
				D10000000000000000000017 /* MinitiAPIServiceTransportTests.swift in Sources */,
				D10000000000000000000014 /* TestSupport.swift in Sources */,
				D10000000000000000000011 /* PersistencePolicyTests.swift in Sources */,
				D10000000000000000000008 /* PersistentStoreTests.swift in Sources */,
				T10000010000000000000001 /* MinitiAPIServiceTests.swift in Sources */,
				T10000010000000000000002 /* TrainingMetricsTests.swift in Sources */,
				T10000010000000000000003 /* MeetingModelTests.swift in Sources */,
				T10000010000000000000004 /* WebhookPayloadTests.swift in Sources */,
				AE0000010000000000000042 /* ClientAuthTests.swift in Sources */,
				T10000010000000000000005 /* AppStateComputationTests.swift in Sources */,
				T10000010000000000000006 /* DeepgramParsingTests.swift in Sources */,
				T10000010000000000000007 /* InsightsParsingTests.swift in Sources */,
				T10000010000000000000008 /* ColorPaletteTests.swift in Sources */,
				T10000010000000000000009 /* SelectableAttributedTests.swift in Sources */,
				CA0000010000000000000015 /* CallLifecycleTests.swift in Sources */,
			);
			runOnlyForDeploymentPostprocessing = 0;
		};
		U80000010000000000000001 /* Sources */ = {
			isa = PBXSourcesBuildPhase;
			buildActionMask = 2147483647;
			files = (
				D10000000000000000000027 /* CustomInsightTemplateTests.swift in Sources */,
				D20000000000000000000022 /* OnDeviceDiarizationTests.swift in Sources */,
				D20000000000000000000072 /* JevClassifierTests.swift in Sources */,
				D1000000000000000000001E /* MeetingJourneyTests.swift in Sources */,
				D1000000000000000000001B /* CalendarEventDecodingTests.swift in Sources */,
				D10000000000000000000018 /* MinitiAPIServiceTransportTests.swift in Sources */,
				D10000000000000000000015 /* TestSupport.swift in Sources */,
				D10000000000000000000012 /* PersistencePolicyTests.swift in Sources */,
				D10000000000000000000009 /* PersistentStoreTests.swift in Sources */,
				U10000010000000000000001 /* MinitiAPIServiceTests.swift in Sources */,
				U10000010000000000000002 /* TrainingMetricsTests.swift in Sources */,
				U10000010000000000000003 /* MeetingModelTests.swift in Sources */,
				U10000010000000000000004 /* WebhookPayloadTests.swift in Sources */,
				AE0000010000000000000043 /* ClientAuthTests.swift in Sources */,
				U10000010000000000000005 /* AppStateComputationTests.swift in Sources */,
				U10000010000000000000006 /* DeepgramParsingTests.swift in Sources */,
				U10000010000000000000007 /* InsightsParsingTests.swift in Sources */,
				U10000010000000000000008 /* ColorPaletteTests.swift in Sources */,
				U10000010000000000000009 /* SelectableAttributedTests.swift in Sources */,
				CA0000010000000000000016 /* CallLifecycleTests.swift in Sources */,
			);
			runOnlyForDeploymentPostprocessing = 0;
		};
/* End PBXSourcesBuildPhase section */

/* Begin PBXTargetDependency section */
		EA0000010000000000000001 /* PBXTargetDependency */ = {
			isa = PBXTargetDependency;
			target = E60000010000000000000001 /* MinitiLiveActivityExtension */;
			targetProxy = E90000010000000000000001 /* PBXContainerItemProxy */;
		};
		T92000010000000000000001 /* PBXTargetDependency */ = {
			isa = PBXTargetDependency;
			target = A60000010000000000000001 /* Miniti */;
			targetProxy = T91000010000000000000001 /* PBXContainerItemProxy */;
		};
		U40000010000000000000001 /* PBXTargetDependency */ = {
			isa = PBXTargetDependency;
			target = C60000010000000000000001 /* MinitiMobile */;
			targetProxy = U30000010000000000000001 /* PBXContainerItemProxy */;
		};
/* End PBXTargetDependency section */

/* Begin XCBuildConfiguration section */
		B10000010000000000000001 /* Debug */ = {
			isa = XCBuildConfiguration;
			buildSettings = {
				ALWAYS_SEARCH_USER_PATHS = NO;
				ASSETCATALOG_COMPILER_GENERATE_SWIFT_ASSET_SYMBOL_EXTENSIONS = YES;
				CLANG_ANALYZER_NONNULL = YES;
				CLANG_ANALYZER_NUMBER_OBJECT_CONVERSION = YES_AGGRESSIVE;
				CLANG_CXX_LANGUAGE_STANDARD = "gnu++20";
				CLANG_ENABLE_MODULES = YES;
				CLANG_ENABLE_OBJC_ARC = YES;
				CLANG_ENABLE_OBJC_WEAK = YES;
				CLANG_WARN_BLOCK_CAPTURE_AUTORELEASING = YES;
				CLANG_WARN_BOOL_CONVERSION = YES;
				CLANG_WARN_COMMA = YES;
				CLANG_WARN_CONSTANT_CONVERSION = YES;
				CLANG_WARN_DEPRECATED_OBJC_IMPLEMENTATIONS = YES;
				CLANG_WARN_DIRECT_OBJC_ISA_USAGE = YES_ERROR;
				CLANG_WARN_DOCUMENTATION_COMMENTS = YES;
				CLANG_WARN_EMPTY_BODY = YES;
				CLANG_WARN_ENUM_CONVERSION = YES;
				CLANG_WARN_INFINITE_RECURSION = YES;
				CLANG_WARN_INT_CONVERSION = YES;
				CLANG_WARN_NON_LITERAL_NULL_CONVERSION = YES;
				CLANG_WARN_OBJC_IMPLICIT_RETAIN_SELF = YES;
				CLANG_WARN_OBJC_LITERAL_CONVERSION = YES;
				CLANG_WARN_OBJC_ROOT_CLASS = YES_ERROR;
				CLANG_WARN_QUOTED_INCLUDE_IN_FRAMEWORK_HEADER = YES;
				CLANG_WARN_RANGE_LOOP_ANALYSIS = YES;
				CLANG_WARN_STRICT_PROTOTYPES = YES;
				CLANG_WARN_SUSPICIOUS_MOVE = YES;
				CLANG_WARN_UNGUARDED_AVAILABILITY = YES_AGGRESSIVE;
				CLANG_WARN_UNREACHABLE_CODE = YES;
				CLANG_WARN__DUPLICATE_METHOD_MATCH = YES;
				COPY_PHASE_STRIP = NO;
				DEAD_CODE_STRIPPING = YES;
				DEBUG_INFORMATION_FORMAT = dwarf;
				DEVELOPMENT_TEAM = 9AUR5U5KTF;
				ENABLE_STRICT_OBJC_MSGSEND = YES;
				ENABLE_TESTABILITY = YES;
				ENABLE_USER_SCRIPT_SANDBOXING = YES;
				GCC_C_LANGUAGE_STANDARD = gnu17;
				GCC_DYNAMIC_NO_PIC = NO;
				GCC_NO_COMMON_BLOCKS = YES;
				GCC_OPTIMIZATION_LEVEL = 0;
				GCC_PREPROCESSOR_DEFINITIONS = (
					"DEBUG=1",
					"$(inherited)",
				);
				GCC_WARN_64_TO_32_BIT_CONVERSION = YES;
				GCC_WARN_ABOUT_RETURN_TYPE = YES_ERROR;
				GCC_WARN_UNDECLARED_SELECTOR = YES;
				GCC_WARN_UNINITIALIZED_AUTOS = YES_AGGRESSIVE;
				GCC_WARN_UNUSED_FUNCTION = YES;
				GCC_WARN_UNUSED_VARIABLE = YES;
				LOCALIZATION_PREFERS_STRING_CATALOGS = YES;
				MACOSX_DEPLOYMENT_TARGET = 14.2;
				MTL_ENABLE_DEBUG_INFO = INCLUDE_SOURCE;
				MTL_FAST_MATH = YES;
				ONLY_ACTIVE_ARCH = YES;
				SDKROOT = macosx;
				STRING_CATALOG_GENERATE_SYMBOLS = YES;
				SWIFT_ACTIVE_COMPILATION_CONDITIONS = "DEBUG $(inherited)";
				SWIFT_OPTIMIZATION_LEVEL = "-Onone";
			};
			name = Debug;
		};
		B10000010000000000000002 /* Release */ = {
			isa = XCBuildConfiguration;
			buildSettings = {
				ALWAYS_SEARCH_USER_PATHS = NO;
				ASSETCATALOG_COMPILER_GENERATE_SWIFT_ASSET_SYMBOL_EXTENSIONS = YES;
				CLANG_ANALYZER_NONNULL = YES;
				CLANG_ANALYZER_NUMBER_OBJECT_CONVERSION = YES_AGGRESSIVE;
				CLANG_CXX_LANGUAGE_STANDARD = "gnu++20";
				CLANG_ENABLE_MODULES = YES;
				CLANG_ENABLE_OBJC_ARC = YES;
				CLANG_ENABLE_OBJC_WEAK = YES;
				CLANG_WARN_BLOCK_CAPTURE_AUTORELEASING = YES;
				CLANG_WARN_BOOL_CONVERSION = YES;
				CLANG_WARN_COMMA = YES;
				CLANG_WARN_CONSTANT_CONVERSION = YES;
				CLANG_WARN_DEPRECATED_OBJC_IMPLEMENTATIONS = YES;
				CLANG_WARN_DIRECT_OBJC_ISA_USAGE = YES_ERROR;
				CLANG_WARN_DOCUMENTATION_COMMENTS = YES;
				CLANG_WARN_EMPTY_BODY = YES;
				CLANG_WARN_ENUM_CONVERSION = YES;
				CLANG_WARN_INFINITE_RECURSION = YES;
				CLANG_WARN_INT_CONVERSION = YES;
				CLANG_WARN_NON_LITERAL_NULL_CONVERSION = YES;
				CLANG_WARN_OBJC_IMPLICIT_RETAIN_SELF = YES;
				CLANG_WARN_OBJC_LITERAL_CONVERSION = YES;
				CLANG_WARN_OBJC_ROOT_CLASS = YES_ERROR;
				CLANG_WARN_QUOTED_INCLUDE_IN_FRAMEWORK_HEADER = YES;
				CLANG_WARN_RANGE_LOOP_ANALYSIS = YES;
				CLANG_WARN_STRICT_PROTOTYPES = YES;
				CLANG_WARN_SUSPICIOUS_MOVE = YES;
				CLANG_WARN_UNGUARDED_AVAILABILITY = YES_AGGRESSIVE;
				CLANG_WARN_UNREACHABLE_CODE = YES;
				CLANG_WARN__DUPLICATE_METHOD_MATCH = YES;
				COPY_PHASE_STRIP = NO;
				DEAD_CODE_STRIPPING = YES;
				DEBUG_INFORMATION_FORMAT = "dwarf-with-dsym";
				DEVELOPMENT_TEAM = 9AUR5U5KTF;
				ENABLE_NS_ASSERTIONS = NO;
				ENABLE_STRICT_OBJC_MSGSEND = YES;
				ENABLE_USER_SCRIPT_SANDBOXING = YES;
				GCC_C_LANGUAGE_STANDARD = gnu17;
				GCC_NO_COMMON_BLOCKS = YES;
				GCC_WARN_64_TO_32_BIT_CONVERSION = YES;
				GCC_WARN_ABOUT_RETURN_TYPE = YES_ERROR;
				GCC_WARN_UNDECLARED_SELECTOR = YES;
				GCC_WARN_UNINITIALIZED_AUTOS = YES_AGGRESSIVE;
				GCC_WARN_UNUSED_FUNCTION = YES;
				GCC_WARN_UNUSED_VARIABLE = YES;
				LOCALIZATION_PREFERS_STRING_CATALOGS = YES;
				MACOSX_DEPLOYMENT_TARGET = 14.2;
				MTL_ENABLE_DEBUG_INFO = NO;
				MTL_FAST_MATH = YES;
				SDKROOT = macosx;
				STRING_CATALOG_GENERATE_SYMBOLS = YES;
				SWIFT_COMPILATION_MODE = wholemodule;
			};
			name = Release;
		};
		B10000010000000000000003 /* Debug */ = {
			isa = XCBuildConfiguration;
			buildSettings = {
				ASSETCATALOG_COMPILER_APPICON_NAME = AppIcon;
				ASSETCATALOG_COMPILER_GLOBAL_ACCENT_COLOR_NAME = AccentColor;
				CODE_SIGN_ENTITLEMENTS = Miniti/Miniti.entitlements;
				"CODE_SIGN_IDENTITY[sdk=macosx*]" = "Apple Development";
				CODE_SIGN_STYLE = Automatic;
				COMBINE_HIDPI_IMAGES = YES;
				CURRENT_PROJECT_VERSION = 121;
				DEAD_CODE_STRIPPING = YES;
				ENABLE_APP_SANDBOX = YES;
				ENABLE_HARDENED_RUNTIME = YES;
				ENABLE_OUTGOING_NETWORK_CONNECTIONS = YES;
				ENABLE_PREVIEWS = YES;
				ENABLE_RESOURCE_ACCESS_AUDIO_INPUT = YES;
				ENABLE_USER_SELECTED_FILES = readwrite;
				GENERATE_INFOPLIST_FILE = YES;
				INFOPLIST_FILE = Miniti/Info.plist;
				INFOPLIST_KEY_CFBundleDisplayName = miniti;
				INFOPLIST_KEY_LSApplicationCategoryType = "public.app-category.productivity";
				INFOPLIST_KEY_NSHumanReadableCopyright = "";
				INFOPLIST_KEY_NSMicrophoneUsageDescription = "Miniti needs microphone access to transcribe your voice during meetings.";
				LD_RUNPATH_SEARCH_PATHS = (
					"$(inherited)",
					"@executable_path/../Frameworks",
				);
				MARKETING_VERSION = 2.10.0;
				PRODUCT_BUNDLE_IDENTIFIER = com.miniti.app;
				PRODUCT_NAME = miniti;
				SWIFT_EMIT_LOC_STRINGS = YES;
				SWIFT_STRICT_CONCURRENCY = complete;
				SWIFT_VERSION = 5.0;
			};
			name = Debug;
		};
		B10000010000000000000004 /* Release */ = {
			isa = XCBuildConfiguration;
			buildSettings = {
				ASSETCATALOG_COMPILER_APPICON_NAME = AppIcon;
				ASSETCATALOG_COMPILER_GLOBAL_ACCENT_COLOR_NAME = AccentColor;
				CODE_SIGN_ENTITLEMENTS = Miniti/Miniti.entitlements;
				"CODE_SIGN_IDENTITY[sdk=macosx*]" = "Apple Development";
				CODE_SIGN_STYLE = Automatic;
				COMBINE_HIDPI_IMAGES = YES;
				CURRENT_PROJECT_VERSION = 121;
				DEAD_CODE_STRIPPING = YES;
				ENABLE_APP_SANDBOX = YES;
				ENABLE_HARDENED_RUNTIME = YES;
				ENABLE_OUTGOING_NETWORK_CONNECTIONS = YES;
				ENABLE_PREVIEWS = YES;
				ENABLE_RESOURCE_ACCESS_AUDIO_INPUT = YES;
				ENABLE_USER_SELECTED_FILES = readwrite;
				GENERATE_INFOPLIST_FILE = YES;
				INFOPLIST_FILE = Miniti/Info.plist;
				INFOPLIST_KEY_CFBundleDisplayName = miniti;
				INFOPLIST_KEY_LSApplicationCategoryType = "public.app-category.productivity";
				INFOPLIST_KEY_NSHumanReadableCopyright = "";
				INFOPLIST_KEY_NSMicrophoneUsageDescription = "Miniti needs microphone access to transcribe your voice during meetings.";
				LD_RUNPATH_SEARCH_PATHS = (
					"$(inherited)",
					"@executable_path/../Frameworks",
				);
				MARKETING_VERSION = 2.10.0;
				PRODUCT_BUNDLE_IDENTIFIER = com.miniti.app;
				PRODUCT_NAME = miniti;
				SWIFT_EMIT_LOC_STRINGS = YES;
				SWIFT_STRICT_CONCURRENCY = complete;
				SWIFT_VERSION = 5.0;
			};
			name = Release;
		};
		D10000010000000000000001 /* Debug */ = {
			isa = XCBuildConfiguration;
			buildSettings = {
				ASSETCATALOG_COMPILER_APPICON_NAME = AppIcon;
				ASSETCATALOG_COMPILER_GLOBAL_ACCENT_COLOR_NAME = AccentColor;
				CODE_SIGN_ENTITLEMENTS = MinitiMobile/MinitiMobile.entitlements;
				CODE_SIGN_STYLE = Automatic;
				CURRENT_PROJECT_VERSION = 121;
				ENABLE_PREVIEWS = YES;
				GENERATE_INFOPLIST_FILE = YES;
				INFOPLIST_FILE = MinitiMobile/Info.plist;
				INFOPLIST_KEY_CFBundleDisplayName = miniti;
				INFOPLIST_KEY_ITSAppUsesNonExemptEncryption = NO;
				INFOPLIST_KEY_LSApplicationCategoryType = "public.app-category.productivity";
				INFOPLIST_KEY_NSMicrophoneUsageDescription = "Miniti needs microphone access to transcribe your voice during meetings.";
				INFOPLIST_KEY_NSSupportsLiveActivities = YES;
				INFOPLIST_KEY_UIApplicationSceneManifest_Generation = YES;
				INFOPLIST_KEY_UIApplicationSupportsIndirectInputEvents = YES;
				INFOPLIST_KEY_UISupportedInterfaceOrientations_iPad = "UIInterfaceOrientationPortrait UIInterfaceOrientationPortraitUpsideDown UIInterfaceOrientationLandscapeLeft UIInterfaceOrientationLandscapeRight";
				INFOPLIST_KEY_UISupportedInterfaceOrientations_iPhone = "UIInterfaceOrientationPortrait UIInterfaceOrientationLandscapeLeft UIInterfaceOrientationLandscapeRight";
				IPHONEOS_DEPLOYMENT_TARGET = 17.0;
				LD_RUNPATH_SEARCH_PATHS = (
					"$(inherited)",
					"@executable_path/Frameworks",
				);
				MARKETING_VERSION = 2.10.0;
				PRODUCT_BUNDLE_IDENTIFIER = com.miniti.mobile;
				PRODUCT_NAME = "$(TARGET_NAME)";
				SDKROOT = iphoneos;
				SUPPORTED_PLATFORMS = "iphoneos iphonesimulator";
				SUPPORTS_MACCATALYST = NO;
				SUPPORTS_XR_DESIGNED_FOR_IPHONE_IPAD = NO;
				SWIFT_EMIT_LOC_STRINGS = YES;
				SWIFT_STRICT_CONCURRENCY = complete;
				SWIFT_VERSION = 5.0;
				TARGETED_DEVICE_FAMILY = "1,2";
			};
			name = Debug;
		};
		D10000010000000000000002 /* Release */ = {
			isa = XCBuildConfiguration;
			buildSettings = {
				ASSETCATALOG_COMPILER_APPICON_NAME = AppIcon;
				ASSETCATALOG_COMPILER_GLOBAL_ACCENT_COLOR_NAME = AccentColor;
				CODE_SIGN_ENTITLEMENTS = MinitiMobile/MinitiMobile.entitlements;
				CODE_SIGN_STYLE = Automatic;
				CURRENT_PROJECT_VERSION = 121;
				ENABLE_PREVIEWS = YES;
				GENERATE_INFOPLIST_FILE = YES;
				INFOPLIST_FILE = MinitiMobile/Info.plist;
				INFOPLIST_KEY_CFBundleDisplayName = miniti;
				INFOPLIST_KEY_ITSAppUsesNonExemptEncryption = NO;
				INFOPLIST_KEY_LSApplicationCategoryType = "public.app-category.productivity";
				INFOPLIST_KEY_NSMicrophoneUsageDescription = "Miniti needs microphone access to transcribe your voice during meetings.";
				INFOPLIST_KEY_NSSupportsLiveActivities = YES;
				INFOPLIST_KEY_UIApplicationSceneManifest_Generation = YES;
				INFOPLIST_KEY_UIApplicationSupportsIndirectInputEvents = YES;
				INFOPLIST_KEY_UISupportedInterfaceOrientations_iPad = "UIInterfaceOrientationPortrait UIInterfaceOrientationPortraitUpsideDown UIInterfaceOrientationLandscapeLeft UIInterfaceOrientationLandscapeRight";
				INFOPLIST_KEY_UISupportedInterfaceOrientations_iPhone = "UIInterfaceOrientationPortrait UIInterfaceOrientationLandscapeLeft UIInterfaceOrientationLandscapeRight";
				IPHONEOS_DEPLOYMENT_TARGET = 17.0;
				LD_RUNPATH_SEARCH_PATHS = (
					"$(inherited)",
					"@executable_path/Frameworks",
				);
				MARKETING_VERSION = 2.10.0;
				PRODUCT_BUNDLE_IDENTIFIER = com.miniti.mobile;
				PRODUCT_NAME = "$(TARGET_NAME)";
				SDKROOT = iphoneos;
				SUPPORTED_PLATFORMS = "iphoneos iphonesimulator";
				SUPPORTS_MACCATALYST = NO;
				SUPPORTS_XR_DESIGNED_FOR_IPHONE_IPAD = NO;
				SWIFT_EMIT_LOC_STRINGS = YES;
				SWIFT_STRICT_CONCURRENCY = complete;
				SWIFT_VERSION = 5.0;
				TARGETED_DEVICE_FAMILY = "1,2";
				VALIDATE_PRODUCT = YES;
			};
			name = Release;
		};
		F10000010000000000000001 /* Debug */ = {
			isa = XCBuildConfiguration;
			buildSettings = {
				CODE_SIGN_STYLE = Automatic;
				CURRENT_PROJECT_VERSION = 121;
				GENERATE_INFOPLIST_FILE = YES;
				INFOPLIST_FILE = MinitiLiveActivity/Info.plist;
				INFOPLIST_KEY_CFBundleDisplayName = "Miniti Live Activity";
				INFOPLIST_KEY_NSHumanReadableCopyright = "";
				IPHONEOS_DEPLOYMENT_TARGET = 17.0;
				LD_RUNPATH_SEARCH_PATHS = (
					"$(inherited)",
					"@executable_path/Frameworks",
					"@executable_path/../../Frameworks",
				);
				MARKETING_VERSION = 2.10.0;
				PRODUCT_BUNDLE_IDENTIFIER = "com.miniti.mobile.live-activity";
				PRODUCT_NAME = "$(TARGET_NAME)";
				SDKROOT = iphoneos;
				SKIP_INSTALL = YES;
				SUPPORTED_PLATFORMS = "iphoneos iphonesimulator";
				SWIFT_EMIT_LOC_STRINGS = YES;
				SWIFT_VERSION = 5.0;
				TARGETED_DEVICE_FAMILY = "1,2";
			};
			name = Debug;
		};
		F10000010000000000000002 /* Release */ = {
			isa = XCBuildConfiguration;
			buildSettings = {
				CODE_SIGN_STYLE = Automatic;
				CURRENT_PROJECT_VERSION = 121;
				GENERATE_INFOPLIST_FILE = YES;
				INFOPLIST_FILE = MinitiLiveActivity/Info.plist;
				INFOPLIST_KEY_CFBundleDisplayName = "Miniti Live Activity";
				INFOPLIST_KEY_NSHumanReadableCopyright = "";
				IPHONEOS_DEPLOYMENT_TARGET = 17.0;
				LD_RUNPATH_SEARCH_PATHS = (
					"$(inherited)",
					"@executable_path/Frameworks",
					"@executable_path/../../Frameworks",
				);
				MARKETING_VERSION = 2.10.0;
				PRODUCT_BUNDLE_IDENTIFIER = "com.miniti.mobile.live-activity";
				PRODUCT_NAME = "$(TARGET_NAME)";
				SDKROOT = iphoneos;
				SKIP_INSTALL = YES;
				SUPPORTED_PLATFORMS = "iphoneos iphonesimulator";
				SWIFT_EMIT_LOC_STRINGS = YES;
				SWIFT_VERSION = 5.0;
				TARGETED_DEVICE_FAMILY = "1,2";
				VALIDATE_PRODUCT = YES;
			};
			name = Release;
		};
		T90000010000000000000001 /* Debug */ = {
			isa = XCBuildConfiguration;
			buildSettings = {
				BUNDLE_LOADER = "$(TEST_HOST)";
				CODE_SIGN_STYLE = Automatic;
				CURRENT_PROJECT_VERSION = 121;
				DEAD_CODE_STRIPPING = YES;
				GENERATE_INFOPLIST_FILE = YES;
				MACOSX_DEPLOYMENT_TARGET = 14.2;
				PRODUCT_BUNDLE_IDENTIFIER = com.miniti.app.tests;
				PRODUCT_NAME = "$(TARGET_NAME)";
				SWIFT_EMIT_LOC_STRINGS = NO;
				SWIFT_STRICT_CONCURRENCY = complete;
				SWIFT_VERSION = 5.0;
				TEST_HOST = "$(BUILT_PRODUCTS_DIR)/miniti.app/Contents/MacOS/miniti";
			};
			name = Debug;
		};
		T90000010000000000000002 /* Release */ = {
			isa = XCBuildConfiguration;
			buildSettings = {
				BUNDLE_LOADER = "$(TEST_HOST)";
				CODE_SIGN_STYLE = Automatic;
				CURRENT_PROJECT_VERSION = 121;
				DEAD_CODE_STRIPPING = YES;
				GENERATE_INFOPLIST_FILE = YES;
				MACOSX_DEPLOYMENT_TARGET = 14.2;
				PRODUCT_BUNDLE_IDENTIFIER = com.miniti.app.tests;
				PRODUCT_NAME = "$(TARGET_NAME)";
				SWIFT_EMIT_LOC_STRINGS = NO;
				SWIFT_STRICT_CONCURRENCY = complete;
				SWIFT_VERSION = 5.0;
				TEST_HOST = "$(BUILT_PRODUCTS_DIR)/miniti.app/Contents/MacOS/miniti";
			};
			name = Release;
		};
		U90000010000000000000001 /* Debug */ = {
			isa = XCBuildConfiguration;
			buildSettings = {
				BUNDLE_LOADER = "$(TEST_HOST)";
				CODE_SIGN_STYLE = Automatic;
				CURRENT_PROJECT_VERSION = 121;
				GENERATE_INFOPLIST_FILE = YES;
				IPHONEOS_DEPLOYMENT_TARGET = 17.0;
				PRODUCT_BUNDLE_IDENTIFIER = com.miniti.mobile.tests;
				PRODUCT_NAME = "$(TARGET_NAME)";
				SDKROOT = iphoneos;
				SUPPORTED_PLATFORMS = "iphoneos iphonesimulator";
				SWIFT_ACTIVE_COMPILATION_CONDITIONS = "$(inherited) IOS_TEST_TARGET";
				SWIFT_EMIT_LOC_STRINGS = NO;
				SWIFT_STRICT_CONCURRENCY = complete;
				SWIFT_VERSION = 5.0;
				TARGETED_DEVICE_FAMILY = "1,2";
				TEST_HOST = "$(BUILT_PRODUCTS_DIR)/MinitiMobile.app/MinitiMobile";
			};
			name = Debug;
		};
		U90000010000000000000002 /* Release */ = {
			isa = XCBuildConfiguration;
			buildSettings = {
				BUNDLE_LOADER = "$(TEST_HOST)";
				CODE_SIGN_STYLE = Automatic;
				CURRENT_PROJECT_VERSION = 121;
				GENERATE_INFOPLIST_FILE = YES;
				IPHONEOS_DEPLOYMENT_TARGET = 17.0;
				PRODUCT_BUNDLE_IDENTIFIER = com.miniti.mobile.tests;
				PRODUCT_NAME = "$(TARGET_NAME)";
				SDKROOT = iphoneos;
				SUPPORTED_PLATFORMS = "iphoneos iphonesimulator";
				SWIFT_ACTIVE_COMPILATION_CONDITIONS = "$(inherited) IOS_TEST_TARGET";
				SWIFT_EMIT_LOC_STRINGS = NO;
				SWIFT_STRICT_CONCURRENCY = complete;
				SWIFT_VERSION = 5.0;
				TARGETED_DEVICE_FAMILY = "1,2";
				TEST_HOST = "$(BUILT_PRODUCTS_DIR)/MinitiMobile.app/MinitiMobile";
				VALIDATE_PRODUCT = YES;
			};
			name = Release;
		};
/* End XCBuildConfiguration section */

/* Begin XCConfigurationList section */
		A80000010000000000000001 /* Build configuration list for PBXNativeTarget "Miniti" */ = {
			isa = XCConfigurationList;
			buildConfigurations = (
				B10000010000000000000003 /* Debug */,
				B10000010000000000000004 /* Release */,
			);
			defaultConfigurationIsVisible = 0;
			defaultConfigurationName = Release;
		};
		A80000010000000000000002 /* Build configuration list for PBXProject "Miniti" */ = {
			isa = XCConfigurationList;
			buildConfigurations = (
				B10000010000000000000001 /* Debug */,
				B10000010000000000000002 /* Release */,
			);
			defaultConfigurationIsVisible = 0;
			defaultConfigurationName = Release;
		};
		C80000010000000000000001 /* Build configuration list for PBXNativeTarget "MinitiMobile" */ = {
			isa = XCConfigurationList;
			buildConfigurations = (
				D10000010000000000000001 /* Debug */,
				D10000010000000000000002 /* Release */,
			);
			defaultConfigurationIsVisible = 0;
			defaultConfigurationName = Release;
		};
		F80000010000000000000001 /* Build configuration list for PBXNativeTarget "MinitiLiveActivityExtension" */ = {
			isa = XCConfigurationList;
			buildConfigurations = (
				F10000010000000000000001 /* Debug */,
				F10000010000000000000002 /* Release */,
			);
			defaultConfigurationIsVisible = 0;
			defaultConfigurationName = Release;
		};
		T80000010000000000000001 /* Build configuration list for PBXNativeTarget "MinitiTests" */ = {
			isa = XCConfigurationList;
			buildConfigurations = (
				T90000010000000000000001 /* Debug */,
				T90000010000000000000002 /* Release */,
			);
			defaultConfigurationIsVisible = 0;
			defaultConfigurationName = Release;
		};
		UA0000010000000000000001 /* Build configuration list for PBXNativeTarget "MinitiMobileTests" */ = {
			isa = XCConfigurationList;
			buildConfigurations = (
				U90000010000000000000001 /* Debug */,
				U90000010000000000000002 /* Release */,
			);
			defaultConfigurationIsVisible = 0;
			defaultConfigurationName = Release;
		};
/* End XCConfigurationList section */

/* Begin XCRemoteSwiftPackageReference section */
		3C2BEFA12F997DAC0058C8BE /* XCRemoteSwiftPackageReference "Sparkle" */ = {
			isa = XCRemoteSwiftPackageReference;
			repositoryURL = "https://github.com/sparkle-project/Sparkle";
			requirement = {
				kind = upToNextMajorVersion;
				minimumVersion = 2.9.5;
			};
		};
		D20000000000000000000001 /* XCRemoteSwiftPackageReference "FluidAudio" */ = {
			isa = XCRemoteSwiftPackageReference;
			repositoryURL = "https://github.com/FluidInference/FluidAudio";
			requirement = {
				kind = upToNextMinorVersion;
				minimumVersion = 0.17.4;
			};
		};
/* End XCRemoteSwiftPackageReference section */

/* Begin XCSwiftPackageProductDependency section */
		3C2BEFA22F997DAC0058C8BE /* Sparkle */ = {
			isa = XCSwiftPackageProductDependency;
			package = 3C2BEFA12F997DAC0058C8BE /* XCRemoteSwiftPackageReference "Sparkle" */;
			productName = Sparkle;
		};
		D20000000000000000000002 /* FluidAudio */ = {
			isa = XCSwiftPackageProductDependency;
			package = D20000000000000000000001 /* XCRemoteSwiftPackageReference "FluidAudio" */;
			productName = FluidAudio;
		};
		D20000000000000000000005 /* FluidAudio */ = {
			isa = XCSwiftPackageProductDependency;
			package = D20000000000000000000001 /* XCRemoteSwiftPackageReference "FluidAudio" */;
			productName = FluidAudio;
		};
/* End XCSwiftPackageProductDependency section */
	};
	rootObject = A90000010000000000000001 /* Project object */;
}
