// !$*UTF8*$!
{
	archiveVersion = 1;
	classes = {
	};
	objectVersion = 56;
	objects = {

/* Begin PBXBuildFile section */
		A10000010000000000000001 /* MinitiApp.swift in Sources */ = {isa = PBXBuildFile; fileRef = A20000010000000000000001 /* MinitiApp.swift */; };
		A10000010000000000000002 /* MainWindow.swift in Sources */ = {isa = PBXBuildFile; fileRef = A20000010000000000000002 /* MainWindow.swift */; };
		A10000010000000000000003 /* MeetingView.swift in Sources */ = {isa = PBXBuildFile; fileRef = A20000010000000000000003 /* MeetingView.swift */; };
		A10000010000000000000004 /* TranscriptView.swift in Sources */ = {isa = PBXBuildFile; fileRef = A20000010000000000000004 /* TranscriptView.swift */; };
		A10000010000000000000005 /* InsightsView.swift in Sources */ = {isa = PBXBuildFile; fileRef = A20000010000000000000005 /* InsightsView.swift */; };
		A10000010000000000000007 /* SettingsView.swift in Sources */ = {isa = PBXBuildFile; fileRef = A20000010000000000000007 /* SettingsView.swift */; };
		A10000010000000000000008 /* Meeting.swift in Sources */ = {isa = PBXBuildFile; fileRef = A20000010000000000000008 /* Meeting.swift */; };
		A10000010000000000000009 /* AppState.swift in Sources */ = {isa = PBXBuildFile; fileRef = A20000010000000000000009 /* AppState.swift */; };
		A10000010000000000000010 /* AudioCaptureService.swift in Sources */ = {isa = PBXBuildFile; fileRef = A20000010000000000000010 /* AudioCaptureService.swift */; };
		A10000010000000000000011 /* DeepgramService.swift in Sources */ = {isa = PBXBuildFile; fileRef = A20000010000000000000011 /* DeepgramService.swift */; };
		A10000010000000000000012 /* InsightsService.swift in Sources */ = {isa = PBXBuildFile; fileRef = A20000010000000000000012 /* InsightsService.swift */; };
		A10000010000000000000013 /* Assets.xcassets in Resources */ = {isa = PBXBuildFile; fileRef = A20000010000000000000013 /* Assets.xcassets */; };
		A10000010000000000000014 /* KeyboardShortcutsService.swift in Sources */ = {isa = PBXBuildFile; fileRef = A20000010000000000000016 /* KeyboardShortcutsService.swift */; };
		A10000010000000000000015 /* Secrets.swift in Sources */ = {isa = PBXBuildFile; fileRef = A20000010000000000000017 /* Secrets.swift */; };
		A10000010000000000000016 /* DeviceIdentifier.swift in Sources */ = {isa = PBXBuildFile; fileRef = A20000010000000000000018 /* DeviceIdentifier.swift */; };
		A10000010000000000000017 /* MinitiAPIService.swift in Sources */ = {isa = PBXBuildFile; fileRef = A20000010000000000000019 /* MinitiAPIService.swift */; };
		A10000010000000000000018 /* OnboardingView.swift in Sources */ = {isa = PBXBuildFile; fileRef = A20000010000000000000020 /* OnboardingView.swift */; };
		A10000010000000000000019 /* UsageBanner.swift in Sources */ = {isa = PBXBuildFile; fileRef = A20000010000000000000021 /* UsageBanner.swift */; };
		A10000010000000000000020 /* LimitReachedView.swift in Sources */ = {isa = PBXBuildFile; fileRef = A20000010000000000000022 /* LimitReachedView.swift */; };
		A10000010000000000000023 /* ColorPalette.swift in Sources */ = {isa = PBXBuildFile; fileRef = A20000010000000000000023 /* ColorPalette.swift */; };
		AB0000010000000000000003 /* DebugLogger.swift in Sources */ = {isa = PBXBuildFile; fileRef = AB0000010000000000000001 /* DebugLogger.swift */; };
		AB0000010000000000000004 /* DebugLogView.swift in Sources */ = {isa = PBXBuildFile; fileRef = AB0000010000000000000002 /* DebugLogView.swift */; };
		AB0000010000000000000005 /* DebugLogger.swift in Sources */ = {isa = PBXBuildFile; fileRef = AB0000010000000000000001 /* DebugLogger.swift */; };
		AB0000010000000000000006 /* DebugLogView.swift in Sources */ = {isa = PBXBuildFile; fileRef = AB0000010000000000000002 /* DebugLogView.swift */; };
		AC0000010000000000000002 /* TermsAcceptanceView.swift in Sources */ = {isa = PBXBuildFile; fileRef = AC0000010000000000000001 /* TermsAcceptanceView.swift */; };
		AC0000010000000000000003 /* TermsAcceptanceView.swift in Sources */ = {isa = PBXBuildFile; fileRef = AC0000010000000000000001 /* TermsAcceptanceView.swift */; };
		C10000010000000000000001 /* Meeting.swift in Sources */ = {isa = PBXBuildFile; fileRef = A20000010000000000000008 /* Meeting.swift */; };
		C10000010000000000000002 /* AppState.swift in Sources */ = {isa = PBXBuildFile; fileRef = A20000010000000000000009 /* AppState.swift */; };
		C10000010000000000000003 /* ColorPalette.swift in Sources */ = {isa = PBXBuildFile; fileRef = A20000010000000000000023 /* ColorPalette.swift */; };
		C10000010000000000000004 /* DeepgramService.swift in Sources */ = {isa = PBXBuildFile; fileRef = A20000010000000000000011 /* DeepgramService.swift */; };
		C10000010000000000000005 /* InsightsService.swift in Sources */ = {isa = PBXBuildFile; fileRef = A20000010000000000000012 /* InsightsService.swift */; };
		C10000010000000000000006 /* DeviceIdentifier.swift in Sources */ = {isa = PBXBuildFile; fileRef = A20000010000000000000018 /* DeviceIdentifier.swift */; };
		C10000010000000000000007 /* MinitiAPIService.swift in Sources */ = {isa = PBXBuildFile; fileRef = A20000010000000000000019 /* MinitiAPIService.swift */; };
		C10000010000000000000008 /* Secrets.swift in Sources */ = {isa = PBXBuildFile; fileRef = A20000010000000000000017 /* Secrets.swift */; };
		C10000010000000000000009 /* TranscriptView.swift in Sources */ = {isa = PBXBuildFile; fileRef = A20000010000000000000004 /* TranscriptView.swift */; };
		C10000010000000000000010 /* InsightsView.swift in Sources */ = {isa = PBXBuildFile; fileRef = A20000010000000000000005 /* InsightsView.swift */; };
		C10000010000000000000011 /* OnboardingView.swift in Sources */ = {isa = PBXBuildFile; fileRef = A20000010000000000000020 /* OnboardingView.swift */; };
		C10000010000000000000012 /* UsageBanner.swift in Sources */ = {isa = PBXBuildFile; fileRef = A20000010000000000000021 /* UsageBanner.swift */; };
		C10000010000000000000013 /* LimitReachedView.swift in Sources */ = {isa = PBXBuildFile; fileRef = A20000010000000000000022 /* LimitReachedView.swift */; };
		C10000010000000000000014 /* MinitiApp_iOS.swift in Sources */ = {isa = PBXBuildFile; fileRef = C20000010000000000000001 /* MinitiApp_iOS.swift */; };
		C10000010000000000000015 /* AudioCaptureService_iOS.swift in Sources */ = {isa = PBXBuildFile; fileRef = C20000010000000000000002 /* AudioCaptureService_iOS.swift */; };
		C10000010000000000000016 /* MainTabView.swift in Sources */ = {isa = PBXBuildFile; fileRef = C20000010000000000000003 /* MainTabView.swift */; };
		C10000010000000000000017 /* MeetingView_iOS.swift in Sources */ = {isa = PBXBuildFile; fileRef = C20000010000000000000004 /* MeetingView_iOS.swift */; };
		C10000010000000000000018 /* SettingsView_iOS.swift in Sources */ = {isa = PBXBuildFile; fileRef = C20000010000000000000005 /* SettingsView_iOS.swift */; };
		C10000010000000000000019 /* HistoryView_iOS.swift in Sources */ = {isa = PBXBuildFile; fileRef = C20000010000000000000006 /* HistoryView_iOS.swift */; };
		C10000010000000000000020 /* Assets.xcassets in Resources */ = {isa = PBXBuildFile; fileRef = A20000010000000000000013 /* Assets.xcassets */; };
		E10000010000000000000001 /* RecordingActivityAttributes.swift in Sources */ = {isa = PBXBuildFile; fileRef = E20000010000000000000001 /* RecordingActivityAttributes.swift */; };
		E10000010000000000000002 /* RecordingActivityAttributes.swift in Sources */ = {isa = PBXBuildFile; fileRef = E20000010000000000000001 /* RecordingActivityAttributes.swift */; };
		E10000010000000000000003 /* MinitiLiveActivityBundle.swift in Sources */ = {isa = PBXBuildFile; fileRef = E20000010000000000000002 /* MinitiLiveActivityBundle.swift */; };
		E10000010000000000000004 /* MinitiLiveActivityLiveActivity.swift in Sources */ = {isa = PBXBuildFile; fileRef = E20000010000000000000003 /* MinitiLiveActivityLiveActivity.swift */; };
		E10000010000000000000005 /* MinitiLiveActivityExtension.appex in Embed App Extensions */ = {isa = PBXBuildFile; fileRef = E30000010000000000000001 /* MinitiLiveActivityExtension.appex */; settings = {ATTRIBUTES = (RemoveHeadersOnCopy, ); }; };
/* End PBXBuildFile section */

/* Begin PBXContainerItemProxy section */
		E90000010000000000000001 /* PBXContainerItemProxy */ = {
			isa = PBXContainerItemProxy;
			containerPortal = A90000010000000000000001 /* Project object */;
			proxyType = 1;
			remoteGlobalIDString = E60000010000000000000001;
			remoteInfo = MinitiLiveActivityExtension;
		};
/* End PBXContainerItemProxy section */

/* Begin PBXCopyFilesBuildPhase section */
		E70000010000000000000003 /* Embed App Extensions */ = {
			isa = PBXCopyFilesBuildPhase;
			buildActionMask = 2147483647;
			dstPath = "";
			dstSubfolderSpec = 13;
			files = (
				E10000010000000000000005 /* MinitiLiveActivityExtension.appex in Embed App Extensions */,
			);
			name = "Embed App Extensions";
			runOnlyForDeploymentPostprocessing = 0;
		};
/* End PBXCopyFilesBuildPhase section */

/* Begin PBXFileReference section */
		A20000010000000000000001 /* MinitiApp.swift */ = {isa = PBXFileReference; lastKnownFileType = sourcecode.swift; path = MinitiApp.swift; sourceTree = "<group>"; };
		A20000010000000000000002 /* MainWindow.swift */ = {isa = PBXFileReference; lastKnownFileType = sourcecode.swift; path = MainWindow.swift; sourceTree = "<group>"; };
		A20000010000000000000003 /* MeetingView.swift */ = {isa = PBXFileReference; lastKnownFileType = sourcecode.swift; path = MeetingView.swift; sourceTree = "<group>"; };
		A20000010000000000000004 /* TranscriptView.swift */ = {isa = PBXFileReference; lastKnownFileType = sourcecode.swift; path = TranscriptView.swift; sourceTree = "<group>"; };
		A20000010000000000000005 /* InsightsView.swift */ = {isa = PBXFileReference; lastKnownFileType = sourcecode.swift; path = InsightsView.swift; sourceTree = "<group>"; };
		A20000010000000000000007 /* SettingsView.swift */ = {isa = PBXFileReference; lastKnownFileType = sourcecode.swift; path = SettingsView.swift; sourceTree = "<group>"; };
		A20000010000000000000008 /* Meeting.swift */ = {isa = PBXFileReference; lastKnownFileType = sourcecode.swift; path = Meeting.swift; sourceTree = "<group>"; };
		A20000010000000000000009 /* AppState.swift */ = {isa = PBXFileReference; lastKnownFileType = sourcecode.swift; path = AppState.swift; sourceTree = "<group>"; };
		A20000010000000000000010 /* AudioCaptureService.swift */ = {isa = PBXFileReference; lastKnownFileType = sourcecode.swift; path = AudioCaptureService.swift; sourceTree = "<group>"; };
		A20000010000000000000011 /* DeepgramService.swift */ = {isa = PBXFileReference; lastKnownFileType = sourcecode.swift; path = DeepgramService.swift; sourceTree = "<group>"; };
		A20000010000000000000012 /* InsightsService.swift */ = {isa = PBXFileReference; lastKnownFileType = sourcecode.swift; path = InsightsService.swift; sourceTree = "<group>"; };
		A20000010000000000000013 /* Assets.xcassets */ = {isa = PBXFileReference; lastKnownFileType = folder.assetcatalog; path = Assets.xcassets; sourceTree = "<group>"; };
		A20000010000000000000014 /* Miniti.entitlements */ = {isa = PBXFileReference; lastKnownFileType = text.plist.entitlements; path = Miniti.entitlements; sourceTree = "<group>"; };
		A20000010000000000000015 /* Info.plist */ = {isa = PBXFileReference; lastKnownFileType = text.plist.xml; path = Info.plist; sourceTree = "<group>"; };
		A20000010000000000000016 /* KeyboardShortcutsService.swift */ = {isa = PBXFileReference; lastKnownFileType = sourcecode.swift; path = KeyboardShortcutsService.swift; sourceTree = "<group>"; };
		A20000010000000000000017 /* Secrets.swift */ = {isa = PBXFileReference; lastKnownFileType = sourcecode.swift; path = Secrets.swift; sourceTree = "<group>"; };
		A20000010000000000000018 /* DeviceIdentifier.swift */ = {isa = PBXFileReference; lastKnownFileType = sourcecode.swift; path = DeviceIdentifier.swift; sourceTree = "<group>"; };
		A20000010000000000000019 /* MinitiAPIService.swift */ = {isa = PBXFileReference; lastKnownFileType = sourcecode.swift; path = MinitiAPIService.swift; sourceTree = "<group>"; };
		A20000010000000000000020 /* OnboardingView.swift */ = {isa = PBXFileReference; lastKnownFileType = sourcecode.swift; path = OnboardingView.swift; sourceTree = "<group>"; };
		A20000010000000000000021 /* UsageBanner.swift */ = {isa = PBXFileReference; lastKnownFileType = sourcecode.swift; path = UsageBanner.swift; sourceTree = "<group>"; };
		A20000010000000000000022 /* LimitReachedView.swift */ = {isa = PBXFileReference; lastKnownFileType = sourcecode.swift; path = LimitReachedView.swift; sourceTree = "<group>"; };
		A20000010000000000000023 /* ColorPalette.swift */ = {isa = PBXFileReference; lastKnownFileType = sourcecode.swift; path = ColorPalette.swift; sourceTree = "<group>"; };
		A30000010000000000000001 /* miniti.app */ = {isa = PBXFileReference; explicitFileType = wrapper.application; includeInIndex = 0; path = miniti.app; sourceTree = BUILT_PRODUCTS_DIR; };
		AB0000010000000000000001 /* DebugLogger.swift */ = {isa = PBXFileReference; lastKnownFileType = sourcecode.swift; path = DebugLogger.swift; sourceTree = "<group>"; };
		AB0000010000000000000002 /* DebugLogView.swift */ = {isa = PBXFileReference; lastKnownFileType = sourcecode.swift; path = DebugLogView.swift; sourceTree = "<group>"; };
		AC0000010000000000000001 /* TermsAcceptanceView.swift */ = {isa = PBXFileReference; lastKnownFileType = sourcecode.swift; path = TermsAcceptanceView.swift; sourceTree = "<group>"; };
		C20000010000000000000001 /* MinitiApp_iOS.swift */ = {isa = PBXFileReference; lastKnownFileType = sourcecode.swift; path = MinitiApp_iOS.swift; sourceTree = "<group>"; };
		C20000010000000000000002 /* AudioCaptureService_iOS.swift */ = {isa = PBXFileReference; lastKnownFileType = sourcecode.swift; path = AudioCaptureService_iOS.swift; sourceTree = "<group>"; };
		C20000010000000000000003 /* MainTabView.swift */ = {isa = PBXFileReference; lastKnownFileType = sourcecode.swift; path = MainTabView.swift; sourceTree = "<group>"; };
		C20000010000000000000004 /* MeetingView_iOS.swift */ = {isa = PBXFileReference; lastKnownFileType = sourcecode.swift; path = MeetingView_iOS.swift; sourceTree = "<group>"; };
		C20000010000000000000005 /* SettingsView_iOS.swift */ = {isa = PBXFileReference; lastKnownFileType = sourcecode.swift; path = SettingsView_iOS.swift; sourceTree = "<group>"; };
		C20000010000000000000006 /* HistoryView_iOS.swift */ = {isa = PBXFileReference; lastKnownFileType = sourcecode.swift; path = HistoryView_iOS.swift; sourceTree = "<group>"; };
		C20000010000000000000007 /* Info.plist */ = {isa = PBXFileReference; lastKnownFileType = text.plist.xml; path = Info.plist; sourceTree = "<group>"; };
		C20000010000000000000008 /* MinitiMobile.entitlements */ = {isa = PBXFileReference; lastKnownFileType = text.plist.entitlements; path = MinitiMobile.entitlements; sourceTree = "<group>"; };
		C30000010000000000000001 /* MinitiMobile.app */ = {isa = PBXFileReference; explicitFileType = wrapper.application; includeInIndex = 0; path = MinitiMobile.app; sourceTree = BUILT_PRODUCTS_DIR; };
		E20000010000000000000001 /* RecordingActivityAttributes.swift */ = {isa = PBXFileReference; lastKnownFileType = sourcecode.swift; path = RecordingActivityAttributes.swift; sourceTree = "<group>"; };
		E20000010000000000000002 /* MinitiLiveActivityBundle.swift */ = {isa = PBXFileReference; lastKnownFileType = sourcecode.swift; path = MinitiLiveActivityBundle.swift; sourceTree = "<group>"; };
		E20000010000000000000003 /* MinitiLiveActivityLiveActivity.swift */ = {isa = PBXFileReference; lastKnownFileType = sourcecode.swift; path = MinitiLiveActivityLiveActivity.swift; sourceTree = "<group>"; };
		E20000010000000000000004 /* Info.plist */ = {isa = PBXFileReference; lastKnownFileType = text.plist.xml; path = Info.plist; sourceTree = "<group>"; };
		E30000010000000000000001 /* MinitiLiveActivityExtension.appex */ = {isa = PBXFileReference; explicitFileType = "wrapper.app-extension"; includeInIndex = 0; path = MinitiLiveActivityExtension.appex; sourceTree = BUILT_PRODUCTS_DIR; };
/* End PBXFileReference section */

/* Begin PBXFrameworksBuildPhase section */
		A40000010000000000000001 /* Frameworks */ = {
			isa = PBXFrameworksBuildPhase;
			buildActionMask = 2147483647;
			files = (
			);
			runOnlyForDeploymentPostprocessing = 0;
		};
		C40000010000000000000001 /* Frameworks */ = {
			isa = PBXFrameworksBuildPhase;
			buildActionMask = 2147483647;
			files = (
			);
			runOnlyForDeploymentPostprocessing = 0;
		};
		E40000010000000000000001 /* Frameworks */ = {
			isa = PBXFrameworksBuildPhase;
			buildActionMask = 2147483647;
			files = (
			);
			runOnlyForDeploymentPostprocessing = 0;
		};
/* End PBXFrameworksBuildPhase section */

/* Begin PBXGroup section */
		A50000010000000000000001 = {
			isa = PBXGroup;
			children = (
				A50000010000000000000002 /* Miniti */,
				C50000010000000000000001 /* MinitiMobile */,
				E50000010000000000000001 /* MinitiLiveActivity */,
				E50000010000000000000002 /* Shared */,
				A50000010000000000000003 /* Products */,
			);
			sourceTree = "<group>";
		};
		A50000010000000000000002 /* Miniti */ = {
			isa = PBXGroup;
			children = (
				A20000010000000000000001 /* MinitiApp.swift */,
				A20000010000000000000017 /* Secrets.swift */,
				A50000010000000000000004 /* Views */,
				A50000010000000000000005 /* Models */,
				A50000010000000000000006 /* Services */,
				A50000010000000000000007 /* Resources */,
				A20000010000000000000014 /* Miniti.entitlements */,
				A20000010000000000000015 /* Info.plist */,
			);
			path = Miniti;
			sourceTree = "<group>";
		};
		A50000010000000000000003 /* Products */ = {
			isa = PBXGroup;
			children = (
				A30000010000000000000001 /* miniti.app */,
				C30000010000000000000001 /* MinitiMobile.app */,
				E30000010000000000000001 /* MinitiLiveActivityExtension.appex */,
			);
			name = Products;
			sourceTree = "<group>";
		};
		A50000010000000000000004 /* Views */ = {
			isa = PBXGroup;
			children = (
				AB0000010000000000000002 /* DebugLogView.swift */,
				A20000010000000000000002 /* MainWindow.swift */,
				A20000010000000000000003 /* MeetingView.swift */,
				A20000010000000000000004 /* TranscriptView.swift */,
				A20000010000000000000005 /* InsightsView.swift */,
				A20000010000000000000007 /* SettingsView.swift */,
				A20000010000000000000020 /* OnboardingView.swift */,
				A20000010000000000000021 /* UsageBanner.swift */,
				A20000010000000000000022 /* LimitReachedView.swift */,
				AC0000010000000000000001 /* TermsAcceptanceView.swift */,
			);
			path = Views;
			sourceTree = "<group>";
		};
		A50000010000000000000005 /* Models */ = {
			isa = PBXGroup;
			children = (
				A20000010000000000000008 /* Meeting.swift */,
				A20000010000000000000009 /* AppState.swift */,
				A20000010000000000000023 /* ColorPalette.swift */,
			);
			path = Models;
			sourceTree = "<group>";
		};
		A50000010000000000000006 /* Services */ = {
			isa = PBXGroup;
			children = (
				A20000010000000000000010 /* AudioCaptureService.swift */,
				AB0000010000000000000001 /* DebugLogger.swift */,
				A20000010000000000000011 /* DeepgramService.swift */,
				A20000010000000000000012 /* InsightsService.swift */,
				A20000010000000000000016 /* KeyboardShortcutsService.swift */,
				A20000010000000000000018 /* DeviceIdentifier.swift */,
				A20000010000000000000019 /* MinitiAPIService.swift */,
			);
			path = Services;
			sourceTree = "<group>";
		};
		A50000010000000000000007 /* Resources */ = {
			isa = PBXGroup;
			children = (
				A20000010000000000000013 /* Assets.xcassets */,
			);
			path = Resources;
			sourceTree = "<group>";
		};
		C50000010000000000000001 /* MinitiMobile */ = {
			isa = PBXGroup;
			children = (
				C20000010000000000000001 /* MinitiApp_iOS.swift */,
				C20000010000000000000002 /* AudioCaptureService_iOS.swift */,
				C50000010000000000000002 /* Views */,
				C20000010000000000000007 /* Info.plist */,
				C20000010000000000000008 /* MinitiMobile.entitlements */,
			);
			path = MinitiMobile;
			sourceTree = "<group>";
		};
		C50000010000000000000002 /* Views */ = {
			isa = PBXGroup;
			children = (
				C20000010000000000000003 /* MainTabView.swift */,
				C20000010000000000000004 /* MeetingView_iOS.swift */,
				C20000010000000000000005 /* SettingsView_iOS.swift */,
				C20000010000000000000006 /* HistoryView_iOS.swift */,
			);
			path = Views;
			sourceTree = "<group>";
		};
		E50000010000000000000001 /* MinitiLiveActivity */ = {
			isa = PBXGroup;
			children = (
				E20000010000000000000002 /* MinitiLiveActivityBundle.swift */,
				E20000010000000000000003 /* MinitiLiveActivityLiveActivity.swift */,
				E20000010000000000000004 /* Info.plist */,
			);
			path = MinitiLiveActivity;
			sourceTree = "<group>";
		};
		E50000010000000000000002 /* Shared */ = {
			isa = PBXGroup;
			children = (
				E20000010000000000000001 /* RecordingActivityAttributes.swift */,
			);
			path = Shared;
			sourceTree = "<group>";
		};
/* End PBXGroup section */

/* Begin PBXNativeTarget section */
		A60000010000000000000001 /* Miniti */ = {
			isa = PBXNativeTarget;
			buildConfigurationList = A80000010000000000000001 /* Build configuration list for PBXNativeTarget "Miniti" */;
			buildPhases = (
				A70000010000000000000001 /* Sources */,
				A40000010000000000000001 /* Frameworks */,
				A70000010000000000000002 /* Resources */,
			);
			buildRules = (
			);
			dependencies = (
			);
			name = Miniti;
			productName = Miniti;
			productReference = A30000010000000000000001 /* miniti.app */;
			productType = "com.apple.product-type.application";
		};
		C60000010000000000000001 /* MinitiMobile */ = {
			isa = PBXNativeTarget;
			buildConfigurationList = C80000010000000000000001 /* Build configuration list for PBXNativeTarget "MinitiMobile" */;
			buildPhases = (
				C70000010000000000000001 /* Sources */,
				C40000010000000000000001 /* Frameworks */,
				C70000010000000000000002 /* Resources */,
				E70000010000000000000003 /* Embed App Extensions */,
			);
			buildRules = (
			);
			dependencies = (
				EA0000010000000000000001 /* PBXTargetDependency */,
			);
			name = MinitiMobile;
			productName = MinitiMobile;
			productReference = C30000010000000000000001 /* MinitiMobile.app */;
			productType = "com.apple.product-type.application";
		};
		E60000010000000000000001 /* MinitiLiveActivityExtension */ = {
			isa = PBXNativeTarget;
			buildConfigurationList = F80000010000000000000001 /* Build configuration list for PBXNativeTarget "MinitiLiveActivityExtension" */;
			buildPhases = (
				E70000010000000000000001 /* Sources */,
				E40000010000000000000001 /* Frameworks */,
				E70000010000000000000002 /* Resources */,
			);
			buildRules = (
			);
			dependencies = (
			);
			name = MinitiLiveActivityExtension;
			productName = MinitiLiveActivityExtension;
			productReference = E30000010000000000000001 /* MinitiLiveActivityExtension.appex */;
			productType = "com.apple.product-type.app-extension";
		};
/* End PBXNativeTarget section */

/* Begin PBXProject section */
		A90000010000000000000001 /* Project object */ = {
			isa = PBXProject;
			attributes = {
				BuildIndependentTargetsInParallel = 1;
				LastSwiftUpdateCheck = 1500;
				LastUpgradeCheck = 2620;
				TargetAttributes = {
					A60000010000000000000001 = {
						CreatedOnToolsVersion = 15.0;
					};
					C60000010000000000000001 = {
						CreatedOnToolsVersion = 16.0;
					};
					E60000010000000000000001 = {
						CreatedOnToolsVersion = 16.0;
					};
				};
			};
			buildConfigurationList = A80000010000000000000002 /* Build configuration list for PBXProject "Miniti" */;
			compatibilityVersion = "Xcode 14.0";
			developmentRegion = en;
			hasScannedForEncodings = 0;
			knownRegions = (
				en,
				Base,
			);
			mainGroup = A50000010000000000000001;
			productRefGroup = A50000010000000000000003 /* Products */;
			projectDirPath = "";
			projectRoot = "";
			targets = (
				A60000010000000000000001 /* Miniti */,
				C60000010000000000000001 /* MinitiMobile */,
				E60000010000000000000001 /* MinitiLiveActivityExtension */,
			);
		};
/* End PBXProject section */

/* Begin PBXResourcesBuildPhase section */
		A70000010000000000000002 /* Resources */ = {
			isa = PBXResourcesBuildPhase;
			buildActionMask = 2147483647;
			files = (
				A10000010000000000000013 /* Assets.xcassets in Resources */,
			);
			runOnlyForDeploymentPostprocessing = 0;
		};
		C70000010000000000000002 /* Resources */ = {
			isa = PBXResourcesBuildPhase;
			buildActionMask = 2147483647;
			files = (
				C10000010000000000000020 /* Assets.xcassets in Resources */,
			);
			runOnlyForDeploymentPostprocessing = 0;
		};
		E70000010000000000000002 /* Resources */ = {
			isa = PBXResourcesBuildPhase;
			buildActionMask = 2147483647;
			files = (
			);
			runOnlyForDeploymentPostprocessing = 0;
		};
/* End PBXResourcesBuildPhase section */

/* Begin PBXSourcesBuildPhase section */
		A70000010000000000000001 /* Sources */ = {
			isa = PBXSourcesBuildPhase;
			buildActionMask = 2147483647;
			files = (
				A10000010000000000000001 /* MinitiApp.swift in Sources */,
				A10000010000000000000002 /* MainWindow.swift in Sources */,
				A10000010000000000000003 /* MeetingView.swift in Sources */,
				A10000010000000000000004 /* TranscriptView.swift in Sources */,
				A10000010000000000000005 /* InsightsView.swift in Sources */,
				A10000010000000000000007 /* SettingsView.swift in Sources */,
				A10000010000000000000008 /* Meeting.swift in Sources */,
				A10000010000000000000009 /* AppState.swift in Sources */,
				A10000010000000000000010 /* AudioCaptureService.swift in Sources */,
				A10000010000000000000011 /* DeepgramService.swift in Sources */,
				A10000010000000000000012 /* InsightsService.swift in Sources */,
				A10000010000000000000014 /* KeyboardShortcutsService.swift in Sources */,
				A10000010000000000000015 /* Secrets.swift in Sources */,
				A10000010000000000000016 /* DeviceIdentifier.swift in Sources */,
				A10000010000000000000017 /* MinitiAPIService.swift in Sources */,
				A10000010000000000000018 /* OnboardingView.swift in Sources */,
				A10000010000000000000019 /* UsageBanner.swift in Sources */,
				A10000010000000000000020 /* LimitReachedView.swift in Sources */,
				A10000010000000000000023 /* ColorPalette.swift in Sources */,
				AB0000010000000000000003 /* DebugLogger.swift in Sources */,
				AB0000010000000000000004 /* DebugLogView.swift in Sources */,
				AC0000010000000000000002 /* TermsAcceptanceView.swift in Sources */,
			);
			runOnlyForDeploymentPostprocessing = 0;
		};
		C70000010000000000000001 /* Sources */ = {
			isa = PBXSourcesBuildPhase;
			buildActionMask = 2147483647;
			files = (
				C10000010000000000000001 /* Meeting.swift in Sources */,
				C10000010000000000000002 /* AppState.swift in Sources */,
				C10000010000000000000003 /* ColorPalette.swift in Sources */,
				C10000010000000000000004 /* DeepgramService.swift in Sources */,
				C10000010000000000000005 /* InsightsService.swift in Sources */,
				C10000010000000000000006 /* DeviceIdentifier.swift in Sources */,
				C10000010000000000000007 /* MinitiAPIService.swift in Sources */,
				C10000010000000000000008 /* Secrets.swift in Sources */,
				C10000010000000000000009 /* TranscriptView.swift in Sources */,
				C10000010000000000000010 /* InsightsView.swift in Sources */,
				C10000010000000000000011 /* OnboardingView.swift in Sources */,
				C10000010000000000000012 /* UsageBanner.swift in Sources */,
				C10000010000000000000013 /* LimitReachedView.swift in Sources */,
				E10000010000000000000001 /* RecordingActivityAttributes.swift in Sources */,
				C10000010000000000000014 /* MinitiApp_iOS.swift in Sources */,
				C10000010000000000000015 /* AudioCaptureService_iOS.swift in Sources */,
				C10000010000000000000016 /* MainTabView.swift in Sources */,
				C10000010000000000000017 /* MeetingView_iOS.swift in Sources */,
				C10000010000000000000018 /* SettingsView_iOS.swift in Sources */,
				C10000010000000000000019 /* HistoryView_iOS.swift in Sources */,
				AB0000010000000000000005 /* DebugLogger.swift in Sources */,
				AB0000010000000000000006 /* DebugLogView.swift in Sources */,
				AC0000010000000000000003 /* TermsAcceptanceView.swift in Sources */,
			);
			runOnlyForDeploymentPostprocessing = 0;
		};
		E70000010000000000000001 /* Sources */ = {
			isa = PBXSourcesBuildPhase;
			buildActionMask = 2147483647;
			files = (
				E10000010000000000000002 /* RecordingActivityAttributes.swift in Sources */,
				E10000010000000000000003 /* MinitiLiveActivityBundle.swift in Sources */,
				E10000010000000000000004 /* MinitiLiveActivityLiveActivity.swift in Sources */,
			);
			runOnlyForDeploymentPostprocessing = 0;
		};
/* End PBXSourcesBuildPhase section */

/* Begin PBXTargetDependency section */
		EA0000010000000000000001 /* PBXTargetDependency */ = {
			isa = PBXTargetDependency;
			target = E60000010000000000000001 /* MinitiLiveActivityExtension */;
			targetProxy = E90000010000000000000001 /* PBXContainerItemProxy */;
		};
/* End PBXTargetDependency section */

/* Begin XCBuildConfiguration section */
		B10000010000000000000001 /* Debug */ = {
			isa = XCBuildConfiguration;
			buildSettings = {
				ALWAYS_SEARCH_USER_PATHS = NO;
				ASSETCATALOG_COMPILER_GENERATE_SWIFT_ASSET_SYMBOL_EXTENSIONS = YES;
				CLANG_ANALYZER_NONNULL = YES;
				CLANG_ANALYZER_NUMBER_OBJECT_CONVERSION = YES_AGGRESSIVE;
				CLANG_CXX_LANGUAGE_STANDARD = "gnu++20";
				CLANG_ENABLE_MODULES = YES;
				CLANG_ENABLE_OBJC_ARC = YES;
				CLANG_ENABLE_OBJC_WEAK = YES;
				CLANG_WARN_BLOCK_CAPTURE_AUTORELEASING = YES;
				CLANG_WARN_BOOL_CONVERSION = YES;
				CLANG_WARN_COMMA = YES;
				CLANG_WARN_CONSTANT_CONVERSION = YES;
				CLANG_WARN_DEPRECATED_OBJC_IMPLEMENTATIONS = YES;
				CLANG_WARN_DIRECT_OBJC_ISA_USAGE = YES_ERROR;
				CLANG_WARN_DOCUMENTATION_COMMENTS = YES;
				CLANG_WARN_EMPTY_BODY = YES;
				CLANG_WARN_ENUM_CONVERSION = YES;
				CLANG_WARN_INFINITE_RECURSION = YES;
				CLANG_WARN_INT_CONVERSION = YES;
				CLANG_WARN_NON_LITERAL_NULL_CONVERSION = YES;
				CLANG_WARN_OBJC_IMPLICIT_RETAIN_SELF = YES;
				CLANG_WARN_OBJC_LITERAL_CONVERSION = YES;
				CLANG_WARN_OBJC_ROOT_CLASS = YES_ERROR;
				CLANG_WARN_QUOTED_INCLUDE_IN_FRAMEWORK_HEADER = YES;
				CLANG_WARN_RANGE_LOOP_ANALYSIS = YES;
				CLANG_WARN_STRICT_PROTOTYPES = YES;
				CLANG_WARN_SUSPICIOUS_MOVE = YES;
				CLANG_WARN_UNGUARDED_AVAILABILITY = YES_AGGRESSIVE;
				CLANG_WARN_UNREACHABLE_CODE = YES;
				CLANG_WARN__DUPLICATE_METHOD_MATCH = YES;
				COPY_PHASE_STRIP = NO;
				DEAD_CODE_STRIPPING = YES;
				DEBUG_INFORMATION_FORMAT = dwarf;
				ENABLE_STRICT_OBJC_MSGSEND = YES;
				ENABLE_TESTABILITY = YES;
				ENABLE_USER_SCRIPT_SANDBOXING = YES;
				GCC_C_LANGUAGE_STANDARD = gnu17;
				GCC_DYNAMIC_NO_PIC = NO;
				GCC_NO_COMMON_BLOCKS = YES;
				GCC_OPTIMIZATION_LEVEL = 0;
				GCC_PREPROCESSOR_DEFINITIONS = (
					"DEBUG=1",
					"$(inherited)",
				);
				GCC_WARN_64_TO_32_BIT_CONVERSION = YES;
				GCC_WARN_ABOUT_RETURN_TYPE = YES_ERROR;
				GCC_WARN_UNDECLARED_SELECTOR = YES;
				GCC_WARN_UNINITIALIZED_AUTOS = YES_AGGRESSIVE;
				GCC_WARN_UNUSED_FUNCTION = YES;
				GCC_WARN_UNUSED_VARIABLE = YES;
				LOCALIZATION_PREFERS_STRING_CATALOGS = YES;
				MACOSX_DEPLOYMENT_TARGET = 14.2;
				MTL_ENABLE_DEBUG_INFO = INCLUDE_SOURCE;
				MTL_FAST_MATH = YES;
				ONLY_ACTIVE_ARCH = YES;
				SDKROOT = macosx;
				STRING_CATALOG_GENERATE_SYMBOLS = YES;
				SWIFT_ACTIVE_COMPILATION_CONDITIONS = "DEBUG $(inherited)";
				SWIFT_OPTIMIZATION_LEVEL = "-Onone";
			};
			name = Debug;
		};
		B10000010000000000000002 /* Release */ = {
			isa = XCBuildConfiguration;
			buildSettings = {
				ALWAYS_SEARCH_USER_PATHS = NO;
				ASSETCATALOG_COMPILER_GENERATE_SWIFT_ASSET_SYMBOL_EXTENSIONS = YES;
				CLANG_ANALYZER_NONNULL = YES;
				CLANG_ANALYZER_NUMBER_OBJECT_CONVERSION = YES_AGGRESSIVE;
				CLANG_CXX_LANGUAGE_STANDARD = "gnu++20";
				CLANG_ENABLE_MODULES = YES;
				CLANG_ENABLE_OBJC_ARC = YES;
				CLANG_ENABLE_OBJC_WEAK = YES;
				CLANG_WARN_BLOCK_CAPTURE_AUTORELEASING = YES;
				CLANG_WARN_BOOL_CONVERSION = YES;
				CLANG_WARN_COMMA = YES;
				CLANG_WARN_CONSTANT_CONVERSION = YES;
				CLANG_WARN_DEPRECATED_OBJC_IMPLEMENTATIONS = YES;
				CLANG_WARN_DIRECT_OBJC_ISA_USAGE = YES_ERROR;
				CLANG_WARN_DOCUMENTATION_COMMENTS = YES;
				CLANG_WARN_EMPTY_BODY = YES;
				CLANG_WARN_ENUM_CONVERSION = YES;
				CLANG_WARN_INFINITE_RECURSION = YES;
				CLANG_WARN_INT_CONVERSION = YES;
				CLANG_WARN_NON_LITERAL_NULL_CONVERSION = YES;
				CLANG_WARN_OBJC_IMPLICIT_RETAIN_SELF = YES;
				CLANG_WARN_OBJC_LITERAL_CONVERSION = YES;
				CLANG_WARN_OBJC_ROOT_CLASS = YES_ERROR;
				CLANG_WARN_QUOTED_INCLUDE_IN_FRAMEWORK_HEADER = YES;
				CLANG_WARN_RANGE_LOOP_ANALYSIS = YES;
				CLANG_WARN_STRICT_PROTOTYPES = YES;
				CLANG_WARN_SUSPICIOUS_MOVE = YES;
				CLANG_WARN_UNGUARDED_AVAILABILITY = YES_AGGRESSIVE;
				CLANG_WARN_UNREACHABLE_CODE = YES;
				CLANG_WARN__DUPLICATE_METHOD_MATCH = YES;
				COPY_PHASE_STRIP = NO;
				DEAD_CODE_STRIPPING = YES;
				DEBUG_INFORMATION_FORMAT = "dwarf-with-dsym";
				ENABLE_NS_ASSERTIONS = NO;
				ENABLE_STRICT_OBJC_MSGSEND = YES;
				ENABLE_USER_SCRIPT_SANDBOXING = YES;
				GCC_C_LANGUAGE_STANDARD = gnu17;
				GCC_NO_COMMON_BLOCKS = YES;
				GCC_WARN_64_TO_32_BIT_CONVERSION = YES;
				GCC_WARN_ABOUT_RETURN_TYPE = YES_ERROR;
				GCC_WARN_UNDECLARED_SELECTOR = YES;
				GCC_WARN_UNINITIALIZED_AUTOS = YES_AGGRESSIVE;
				GCC_WARN_UNUSED_FUNCTION = YES;
				GCC_WARN_UNUSED_VARIABLE = YES;
				LOCALIZATION_PREFERS_STRING_CATALOGS = YES;
				MACOSX_DEPLOYMENT_TARGET = 14.2;
				MTL_ENABLE_DEBUG_INFO = NO;
				MTL_FAST_MATH = YES;
				SDKROOT = macosx;
				STRING_CATALOG_GENERATE_SYMBOLS = YES;
				SWIFT_COMPILATION_MODE = wholemodule;
			};
			name = Release;
		};
		B10000010000000000000003 /* Debug */ = {
			isa = XCBuildConfiguration;
			buildSettings = {
				ASSETCATALOG_COMPILER_APPICON_NAME = AppIcon;
				ASSETCATALOG_COMPILER_GLOBAL_ACCENT_COLOR_NAME = AccentColor;
				CODE_SIGN_ENTITLEMENTS = Miniti/Miniti.entitlements;
				"CODE_SIGN_IDENTITY[sdk=macosx*]" = "Apple Development";
				CODE_SIGN_STYLE = Automatic;
				COMBINE_HIDPI_IMAGES = YES;
				CURRENT_PROJECT_VERSION = 3;
				DEAD_CODE_STRIPPING = YES;
				DEVELOPMENT_TEAM = 9AUR5U5KTF;
				ENABLE_APP_SANDBOX = YES;
				ENABLE_HARDENED_RUNTIME = YES;
				ENABLE_OUTGOING_NETWORK_CONNECTIONS = YES;
				ENABLE_PREVIEWS = YES;
				ENABLE_RESOURCE_ACCESS_AUDIO_INPUT = YES;
				ENABLE_USER_SELECTED_FILES = readwrite;
				GENERATE_INFOPLIST_FILE = YES;
				INFOPLIST_FILE = Miniti/Info.plist;
				INFOPLIST_KEY_CFBundleDisplayName = miniti;
				INFOPLIST_KEY_LSApplicationCategoryType = "public.app-category.productivity";
				INFOPLIST_KEY_NSHumanReadableCopyright = "";
				INFOPLIST_KEY_NSMicrophoneUsageDescription = "Miniti needs microphone access to transcribe your voice during meetings.";
				LD_RUNPATH_SEARCH_PATHS = (
					"$(inherited)",
					"@executable_path/../Frameworks",
				);
				MARKETING_VERSION = 1.12.4;
				PRODUCT_BUNDLE_IDENTIFIER = com.miniti.app;
				PRODUCT_NAME = miniti;
				SWIFT_EMIT_LOC_STRINGS = YES;
				SWIFT_STRICT_CONCURRENCY = complete;
				SWIFT_VERSION = 5.0;
			};
			name = Debug;
		};
		B10000010000000000000004 /* Release */ = {
			isa = XCBuildConfiguration;
			buildSettings = {
				ASSETCATALOG_COMPILER_APPICON_NAME = AppIcon;
				ASSETCATALOG_COMPILER_GLOBAL_ACCENT_COLOR_NAME = AccentColor;
				CODE_SIGN_ENTITLEMENTS = Miniti/Miniti.entitlements;
				"CODE_SIGN_IDENTITY[sdk=macosx*]" = "Apple Development";
				CODE_SIGN_STYLE = Automatic;
				COMBINE_HIDPI_IMAGES = YES;
				CURRENT_PROJECT_VERSION = 3;
				DEAD_CODE_STRIPPING = YES;
				DEVELOPMENT_TEAM = 9AUR5U5KTF;
				ENABLE_APP_SANDBOX = YES;
				ENABLE_HARDENED_RUNTIME = YES;
				ENABLE_OUTGOING_NETWORK_CONNECTIONS = YES;
				ENABLE_PREVIEWS = YES;
				ENABLE_RESOURCE_ACCESS_AUDIO_INPUT = YES;
				ENABLE_USER_SELECTED_FILES = readwrite;
				GENERATE_INFOPLIST_FILE = YES;
				INFOPLIST_FILE = Miniti/Info.plist;
				INFOPLIST_KEY_CFBundleDisplayName = miniti;
				INFOPLIST_KEY_LSApplicationCategoryType = "public.app-category.productivity";
				INFOPLIST_KEY_NSHumanReadableCopyright = "";
				INFOPLIST_KEY_NSMicrophoneUsageDescription = "Miniti needs microphone access to transcribe your voice during meetings.";
				LD_RUNPATH_SEARCH_PATHS = (
					"$(inherited)",
					"@executable_path/../Frameworks",
				);
				MARKETING_VERSION = 1.12.4;
				PRODUCT_BUNDLE_IDENTIFIER = com.miniti.app;
				PRODUCT_NAME = miniti;
				SWIFT_EMIT_LOC_STRINGS = YES;
				SWIFT_STRICT_CONCURRENCY = complete;
				SWIFT_VERSION = 5.0;
			};
			name = Release;
		};
		D10000010000000000000001 /* Debug */ = {
			isa = XCBuildConfiguration;
			buildSettings = {
				ASSETCATALOG_COMPILER_APPICON_NAME = AppIcon;
				ASSETCATALOG_COMPILER_GLOBAL_ACCENT_COLOR_NAME = AccentColor;
				CODE_SIGN_ENTITLEMENTS = MinitiMobile/MinitiMobile.entitlements;
				CODE_SIGN_STYLE = Automatic;
				CURRENT_PROJECT_VERSION = 3;
				DEVELOPMENT_TEAM = 9AUR5U5KTF;
				ENABLE_PREVIEWS = YES;
				GENERATE_INFOPLIST_FILE = YES;
				INFOPLIST_FILE = MinitiMobile/Info.plist;
				INFOPLIST_KEY_CFBundleDisplayName = miniti;
				INFOPLIST_KEY_ITSAppUsesNonExemptEncryption = NO;
				INFOPLIST_KEY_LSApplicationCategoryType = "public.app-category.productivity";
				INFOPLIST_KEY_NSMicrophoneUsageDescription = "Miniti needs microphone access to transcribe your voice during meetings.";
				INFOPLIST_KEY_NSSupportsLiveActivities = YES;
				INFOPLIST_KEY_UIApplicationSceneManifest_Generation = YES;
				INFOPLIST_KEY_UIApplicationSupportsIndirectInputEvents = YES;
				INFOPLIST_KEY_UISupportedInterfaceOrientations_iPad = "UIInterfaceOrientationPortrait UIInterfaceOrientationPortraitUpsideDown UIInterfaceOrientationLandscapeLeft UIInterfaceOrientationLandscapeRight";
				INFOPLIST_KEY_UISupportedInterfaceOrientations_iPhone = "UIInterfaceOrientationPortrait UIInterfaceOrientationLandscapeLeft UIInterfaceOrientationLandscapeRight";
				IPHONEOS_DEPLOYMENT_TARGET = 17.0;
				LD_RUNPATH_SEARCH_PATHS = (
					"$(inherited)",
					"@executable_path/Frameworks",
				);
				MARKETING_VERSION = 1.12.4;
				PRODUCT_BUNDLE_IDENTIFIER = com.miniti.mobile;
				PRODUCT_NAME = "$(TARGET_NAME)";
				SDKROOT = iphoneos;
				SUPPORTED_PLATFORMS = "iphoneos iphonesimulator";
				SUPPORTS_MACCATALYST = NO;
				SUPPORTS_XR_DESIGNED_FOR_IPHONE_IPAD = NO;
				SWIFT_EMIT_LOC_STRINGS = YES;
				SWIFT_STRICT_CONCURRENCY = complete;
				SWIFT_VERSION = 5.0;
				TARGETED_DEVICE_FAMILY = "1,2";
			};
			name = Debug;
		};
		D10000010000000000000002 /* Release */ = {
			isa = XCBuildConfiguration;
			buildSettings = {
				ASSETCATALOG_COMPILER_APPICON_NAME = AppIcon;
				ASSETCATALOG_COMPILER_GLOBAL_ACCENT_COLOR_NAME = AccentColor;
				CODE_SIGN_ENTITLEMENTS = MinitiMobile/MinitiMobile.entitlements;
				CODE_SIGN_STYLE = Automatic;
				CURRENT_PROJECT_VERSION = 3;
				DEVELOPMENT_TEAM = 9AUR5U5KTF;
				ENABLE_PREVIEWS = YES;
				GENERATE_INFOPLIST_FILE = YES;
				INFOPLIST_FILE = MinitiMobile/Info.plist;
				INFOPLIST_KEY_CFBundleDisplayName = miniti;
				INFOPLIST_KEY_ITSAppUsesNonExemptEncryption = NO;
				INFOPLIST_KEY_LSApplicationCategoryType = "public.app-category.productivity";
				INFOPLIST_KEY_NSMicrophoneUsageDescription = "Miniti needs microphone access to transcribe your voice during meetings.";
				INFOPLIST_KEY_NSSupportsLiveActivities = YES;
				INFOPLIST_KEY_UIApplicationSceneManifest_Generation = YES;
				INFOPLIST_KEY_UIApplicationSupportsIndirectInputEvents = YES;
				INFOPLIST_KEY_UISupportedInterfaceOrientations_iPad = "UIInterfaceOrientationPortrait UIInterfaceOrientationPortraitUpsideDown UIInterfaceOrientationLandscapeLeft UIInterfaceOrientationLandscapeRight";
				INFOPLIST_KEY_UISupportedInterfaceOrientations_iPhone = "UIInterfaceOrientationPortrait UIInterfaceOrientationLandscapeLeft UIInterfaceOrientationLandscapeRight";
				IPHONEOS_DEPLOYMENT_TARGET = 17.0;
				LD_RUNPATH_SEARCH_PATHS = (
					"$(inherited)",
					"@executable_path/Frameworks",
				);
				MARKETING_VERSION = 1.12.4;
				PRODUCT_BUNDLE_IDENTIFIER = com.miniti.mobile;
				PRODUCT_NAME = "$(TARGET_NAME)";
				SDKROOT = iphoneos;
				SUPPORTED_PLATFORMS = "iphoneos iphonesimulator";
				SUPPORTS_MACCATALYST = NO;
				SUPPORTS_XR_DESIGNED_FOR_IPHONE_IPAD = NO;
				SWIFT_EMIT_LOC_STRINGS = YES;
				SWIFT_STRICT_CONCURRENCY = complete;
				SWIFT_VERSION = 5.0;
				TARGETED_DEVICE_FAMILY = "1,2";
				VALIDATE_PRODUCT = YES;
			};
			name = Release;
		};
		F10000010000000000000001 /* Debug */ = {
			isa = XCBuildConfiguration;
			buildSettings = {
				CODE_SIGN_STYLE = Automatic;
				CURRENT_PROJECT_VERSION = 3;
				DEVELOPMENT_TEAM = 9AUR5U5KTF;
				GENERATE_INFOPLIST_FILE = YES;
				INFOPLIST_FILE = MinitiLiveActivity/Info.plist;
				INFOPLIST_KEY_CFBundleDisplayName = "Miniti Live Activity";
				INFOPLIST_KEY_NSHumanReadableCopyright = "";
				IPHONEOS_DEPLOYMENT_TARGET = 17.0;
				LD_RUNPATH_SEARCH_PATHS = (
					"$(inherited)",
					"@executable_path/Frameworks",
					"@executable_path/../../Frameworks",
				);
				MARKETING_VERSION = 1.12.4;
				PRODUCT_BUNDLE_IDENTIFIER = "com.miniti.mobile.live-activity";
				PRODUCT_NAME = "$(TARGET_NAME)";
				SDKROOT = iphoneos;
				SKIP_INSTALL = YES;
				SUPPORTED_PLATFORMS = "iphoneos iphonesimulator";
				SWIFT_EMIT_LOC_STRINGS = YES;
				SWIFT_VERSION = 5.0;
				TARGETED_DEVICE_FAMILY = "1,2";
			};
			name = Debug;
		};
		F10000010000000000000002 /* Release */ = {
			isa = XCBuildConfiguration;
			buildSettings = {
				CODE_SIGN_STYLE = Automatic;
				CURRENT_PROJECT_VERSION = 3;
				DEVELOPMENT_TEAM = 9AUR5U5KTF;
				GENERATE_INFOPLIST_FILE = YES;
				INFOPLIST_FILE = MinitiLiveActivity/Info.plist;
				INFOPLIST_KEY_CFBundleDisplayName = "Miniti Live Activity";
				INFOPLIST_KEY_NSHumanReadableCopyright = "";
				IPHONEOS_DEPLOYMENT_TARGET = 17.0;
				LD_RUNPATH_SEARCH_PATHS = (
					"$(inherited)",
					"@executable_path/Frameworks",
					"@executable_path/../../Frameworks",
				);
				MARKETING_VERSION = 1.12.4;
				PRODUCT_BUNDLE_IDENTIFIER = "com.miniti.mobile.live-activity";
				PRODUCT_NAME = "$(TARGET_NAME)";
				SDKROOT = iphoneos;
				SKIP_INSTALL = YES;
				SUPPORTED_PLATFORMS = "iphoneos iphonesimulator";
				SWIFT_EMIT_LOC_STRINGS = YES;
				SWIFT_VERSION = 5.0;
				TARGETED_DEVICE_FAMILY = "1,2";
				VALIDATE_PRODUCT = YES;
			};
			name = Release;
		};
/* End XCBuildConfiguration section */

/* Begin XCConfigurationList section */
		A80000010000000000000001 /* Build configuration list for PBXNativeTarget "Miniti" */ = {
			isa = XCConfigurationList;
			buildConfigurations = (
				B10000010000000000000003 /* Debug */,
				B10000010000000000000004 /* Release */,
			);
			defaultConfigurationIsVisible = 0;
			defaultConfigurationName = Release;
		};
		A80000010000000000000002 /* Build configuration list for PBXProject "Miniti" */ = {
			isa = XCConfigurationList;
			buildConfigurations = (
				B10000010000000000000001 /* Debug */,
				B10000010000000000000002 /* Release */,
			);
			defaultConfigurationIsVisible = 0;
			defaultConfigurationName = Release;
		};
		C80000010000000000000001 /* Build configuration list for PBXNativeTarget "MinitiMobile" */ = {
			isa = XCConfigurationList;
			buildConfigurations = (
				D10000010000000000000001 /* Debug */,
				D10000010000000000000002 /* Release */,
			);
			defaultConfigurationIsVisible = 0;
			defaultConfigurationName = Release;
		};
		F80000010000000000000001 /* Build configuration list for PBXNativeTarget "MinitiLiveActivityExtension" */ = {
			isa = XCConfigurationList;
			buildConfigurations = (
				F10000010000000000000001 /* Debug */,
				F10000010000000000000002 /* Release */,
			);
			defaultConfigurationIsVisible = 0;
			defaultConfigurationName = Release;
		};
/* End XCConfigurationList section */
	};
	rootObject = A90000010000000000000001 /* Project object */;
}
